// !$*UTF8*$!
{
	archiveVersion = 1;
	classes = {
	};
	objectVersion = 56;
	objects = {

/* Begin PBXBuildFile section */
		DA0035CD2C4AA8A500928C84 /* AspectRatio.swift in Sources */ = {isa = PBXBuildFile; fileRef = DA0035CC2C4AA8A500928C84 /* AspectRatio.swift */; };
		DA0035CF2C4BF4B900928C84 /* LearnViewModifier2.swift in Sources */ = {isa = PBXBuildFile; fileRef = DA0035CE2C4BF4B900928C84 /* LearnViewModifier2.swift */; };
		DA0035D22C4BFA0A00928C84 /* Padding1.swift in Sources */ = {isa = PBXBuildFile; fileRef = DA0035D12C4BFA0A00928C84 /* Padding1.swift */; };
		DA0035D42C4C099600928C84 /* Padding2.swift in Sources */ = {isa = PBXBuildFile; fileRef = DA0035D32C4C099600928C84 /* Padding2.swift */; };
		DA0035D62C4C135400928C84 /* FixedFrame.swift in Sources */ = {isa = PBXBuildFile; fileRef = DA0035D52C4C135400928C84 /* FixedFrame.swift */; };
		DA0035D82C4CA53E00928C84 /* FlexibleFrame1.swift in Sources */ = {isa = PBXBuildFile; fileRef = DA0035D72C4CA53E00928C84 /* FlexibleFrame1.swift */; };
		DA0035DA2C4CBAB400928C84 /* FlexibleFrame2.swift in Sources */ = {isa = PBXBuildFile; fileRef = DA0035D92C4CBAB400928C84 /* FlexibleFrame2.swift */; };
		DA0035DC2C4CCFC900928C84 /* FlexibleFrameWithIdealSize.swift in Sources */ = {isa = PBXBuildFile; fileRef = DA0035DB2C4CCFC900928C84 /* FlexibleFrameWithIdealSize.swift */; };
		DA0035DE2C4CD23B00928C84 /* FlexibleFrameMaxWidth.swift in Sources */ = {isa = PBXBuildFile; fileRef = DA0035DD2C4CD23B00928C84 /* FlexibleFrameMaxWidth.swift */; };
		DA0035E02C4CD37C00928C84 /* FrameWithMinWidth.swift in Sources */ = {isa = PBXBuildFile; fileRef = DA0035DF2C4CD37C00928C84 /* FrameWithMinWidth.swift */; };
		DA0035E22C4CD44000928C84 /* FlexibleFrameWithMinAndMaxWidth.swift in Sources */ = {isa = PBXBuildFile; fileRef = DA0035E12C4CD44000928C84 /* FlexibleFrameWithMinAndMaxWidth.swift */; };
		DA0035E42C4CD81100928C84 /* FlexibleFrameExample.swift in Sources */ = {isa = PBXBuildFile; fileRef = DA0035E32C4CD81100928C84 /* FlexibleFrameExample.swift */; };
		DA0035E62C4D157E00928C84 /* Background.swift in Sources */ = {isa = PBXBuildFile; fileRef = DA0035E52C4D157E00928C84 /* Background.swift */; };
		DA0035E82C4D267500928C84 /* Overlay.swift in Sources */ = {isa = PBXBuildFile; fileRef = DA0035E72C4D267500928C84 /* Overlay.swift */; };
		DA29FE212C4E1C3400428576 /* FixedSize.swift in Sources */ = {isa = PBXBuildFile; fileRef = DA29FE202C4E1C3400428576 /* FixedSize.swift */; };
		DA29FE232C4E214E00428576 /* FixedSizeWithOverlayBadge.swift in Sources */ = {isa = PBXBuildFile; fileRef = DA29FE222C4E214E00428576 /* FixedSizeWithOverlayBadge.swift */; };
		DA29FE262C4E519800428576 /* HStack.swift in Sources */ = {isa = PBXBuildFile; fileRef = DA29FE252C4E519800428576 /* HStack.swift */; };
		DA31C4E82C425792009EBB36 /* BorderShape.swift in Sources */ = {isa = PBXBuildFile; fileRef = DA31C4E72C425792009EBB36 /* BorderShape.swift */; };
		DA31C4EB2C4294FC009EBB36 /* WhatIsColor.swift in Sources */ = {isa = PBXBuildFile; fileRef = DA31C4EA2C4294FC009EBB36 /* WhatIsColor.swift */; };
		DA31C4EE2C429A90009EBB36 /* WhatIsImage.swift in Sources */ = {isa = PBXBuildFile; fileRef = DA31C4ED2C429A90009EBB36 /* WhatIsImage.swift */; };
		DA31C4F12C44F673009EBB36 /* LearnViewModifier1.swift in Sources */ = {isa = PBXBuildFile; fileRef = DA31C4F02C44F673009EBB36 /* LearnViewModifier1.swift */; };
		DA63A5762C38F9CC003EBB4B /* LearnViewBuilder.swift in Sources */ = {isa = PBXBuildFile; fileRef = DA63A5752C38F9CC003EBB4B /* LearnViewBuilder.swift */; };
		DA63A5782C390D7D003EBB4B /* LearnViewBuilder2.swift in Sources */ = {isa = PBXBuildFile; fileRef = DA63A5772C390D7D003EBB4B /* LearnViewBuilder2.swift */; };
		DA63A57A2C393EDA003EBB4B /* LearnGroup.swift in Sources */ = {isa = PBXBuildFile; fileRef = DA63A5792C393EDA003EBB4B /* LearnGroup.swift */; };
		DA63A57C2C3967FC003EBB4B /* DynamicContent.swift in Sources */ = {isa = PBXBuildFile; fileRef = DA63A57B2C3967FC003EBB4B /* DynamicContent.swift */; };
		DA63A57E2C39726A003EBB4B /* OnAppear.swift in Sources */ = {isa = PBXBuildFile; fileRef = DA63A57D2C39726A003EBB4B /* OnAppear.swift */; };
		DA63A5802C399A67003EBB4B /* UnderstandViewBuilder.swift in Sources */ = {isa = PBXBuildFile; fileRef = DA63A57F2C399A67003EBB4B /* UnderstandViewBuilder.swift */; };
		DA63A5832C3C15C0003EBB4B /* WhatIsAView.swift in Sources */ = {isa = PBXBuildFile; fileRef = DA63A5822C3C15C0003EBB4B /* WhatIsAView.swift */; };
		DA6C35AE2C5112EA00B20E9F /* HStackWithFlexibleFrame.swift in Sources */ = {isa = PBXBuildFile; fileRef = DA6C35AD2C5112EA00B20E9F /* HStackWithFlexibleFrame.swift */; };
		DA6C35B02C512C1600B20E9F /* ZStackBadgeView.swift in Sources */ = {isa = PBXBuildFile; fileRef = DA6C35AF2C512C1600B20E9F /* ZStackBadgeView.swift */; };
		DA6C35B22C513B7D00B20E9F /* ZStack_.swift in Sources */ = {isa = PBXBuildFile; fileRef = DA6C35B12C513B7D00B20E9F /* ZStack_.swift */; };
		DA6C35B42C51400900B20E9F /* HStackWithZStack.swift in Sources */ = {isa = PBXBuildFile; fileRef = DA6C35B32C51400900B20E9F /* HStackWithZStack.swift */; };
		DA6C35B62C515E1C00B20E9F /* FlexibleFrame3.swift in Sources */ = {isa = PBXBuildFile; fileRef = DA6C35B52C515E1C00B20E9F /* FlexibleFrame3.swift */; };
		DA6C35B82C5162A600B20E9F /* HStack_EqualView.swift in Sources */ = {isa = PBXBuildFile; fileRef = DA6C35B72C5162A600B20E9F /* HStack_EqualView.swift */; };
		DA8536ED2C40F7080043DDD4 /* DebugLayout.swift in Sources */ = {isa = PBXBuildFile; fileRef = DA8536EC2C40F7080043DDD4 /* DebugLayout.swift */; };
		DA8536EF2C414B020043DDD4 /* TrapeziumShape.swift in Sources */ = {isa = PBXBuildFile; fileRef = DA8536EE2C414B020043DDD4 /* TrapeziumShape.swift */; };
		DA8D42A92C52429000C955B6 /* Console.swift in Sources */ = {isa = PBXBuildFile; fileRef = DA8D42A82C52429000C955B6 /* Console.swift */; };
		DA9B2ECD2C3EA2B8003BDF58 /* HowLayoutWorks.swift in Sources */ = {isa = PBXBuildFile; fileRef = DA9B2ECC2C3EA2B8003BDF58 /* HowLayoutWorks.swift */; };
		DA9B2ECF2C3EBC2D003BDF58 /* TextLeaf.swift in Sources */ = {isa = PBXBuildFile; fileRef = DA9B2ECE2C3EBC2D003BDF58 /* TextLeaf.swift */; };
		DA9D4E8E2BE3878A0058E063 /* LearnSwiftUIApp.swift in Sources */ = {isa = PBXBuildFile; fileRef = DA9D4E8D2BE3878A0058E063 /* LearnSwiftUIApp.swift */; };
		DA9D4E902BE3878A0058E063 /* StateObject_.swift in Sources */ = {isa = PBXBuildFile; fileRef = DA9D4E8F2BE3878A0058E063 /* StateObject_.swift */; };
		DA9D4E922BE3878B0058E063 /* Assets.xcassets in Resources */ = {isa = PBXBuildFile; fileRef = DA9D4E912BE3878B0058E063 /* Assets.xcassets */; };
		DA9D4E952BE3878B0058E063 /* Preview Assets.xcassets in Resources */ = {isa = PBXBuildFile; fileRef = DA9D4E942BE3878B0058E063 /* Preview Assets.xcassets */; };
		DAB46FB32C40058300024348 /* TextLeaf+fixedSize.swift in Sources */ = {isa = PBXBuildFile; fileRef = DAB46FB22C40058300024348 /* TextLeaf+fixedSize.swift */; };
		DAB46FB52C400A5C00024348 /* ShapeLeaf.swift in Sources */ = {isa = PBXBuildFile; fileRef = DAB46FB42C400A5C00024348 /* ShapeLeaf.swift */; };
/* End PBXBuildFile section */

/* Begin PBXFileReference section */
		DA0035CC2C4AA8A500928C84 /* AspectRatio.swift */ = {isa = PBXFileReference; lastKnownFileType = sourcecode.swift; path = AspectRatio.swift; sourceTree = "<group>"; };
		DA0035CE2C4BF4B900928C84 /* LearnViewModifier2.swift */ = {isa = PBXFileReference; lastKnownFileType = sourcecode.swift; path = LearnViewModifier2.swift; sourceTree = "<group>"; };
		DA0035D12C4BFA0A00928C84 /* Padding1.swift */ = {isa = PBXFileReference; lastKnownFileType = sourcecode.swift; path = Padding1.swift; sourceTree = "<group>"; };
		DA0035D32C4C099600928C84 /* Padding2.swift */ = {isa = PBXFileReference; lastKnownFileType = sourcecode.swift; path = Padding2.swift; sourceTree = "<group>"; };
		DA0035D52C4C135400928C84 /* FixedFrame.swift */ = {isa = PBXFileReference; lastKnownFileType = sourcecode.swift; path = FixedFrame.swift; sourceTree = "<group>"; };
		DA0035D72C4CA53E00928C84 /* FlexibleFrame1.swift */ = {isa = PBXFileReference; lastKnownFileType = sourcecode.swift; path = FlexibleFrame1.swift; sourceTree = "<group>"; };
		DA0035D92C4CBAB400928C84 /* FlexibleFrame2.swift */ = {isa = PBXFileReference; lastKnownFileType = sourcecode.swift; path = FlexibleFrame2.swift; sourceTree = "<group>"; };
		DA0035DB2C4CCFC900928C84 /* FlexibleFrameWithIdealSize.swift */ = {isa = PBXFileReference; lastKnownFileType = sourcecode.swift; path = FlexibleFrameWithIdealSize.swift; sourceTree = "<group>"; };
		DA0035DD2C4CD23B00928C84 /* FlexibleFrameMaxWidth.swift */ = {isa = PBXFileReference; lastKnownFileType = sourcecode.swift; path = FlexibleFrameMaxWidth.swift; sourceTree = "<group>"; };
		DA0035DF2C4CD37C00928C84 /* FrameWithMinWidth.swift */ = {isa = PBXFileReference; lastKnownFileType = sourcecode.swift; path = FrameWithMinWidth.swift; sourceTree = "<group>"; };
		DA0035E12C4CD44000928C84 /* FlexibleFrameWithMinAndMaxWidth.swift */ = {isa = PBXFileReference; lastKnownFileType = sourcecode.swift; path = FlexibleFrameWithMinAndMaxWidth.swift; sourceTree = "<group>"; };
		DA0035E32C4CD81100928C84 /* FlexibleFrameExample.swift */ = {isa = PBXFileReference; lastKnownFileType = sourcecode.swift; path = FlexibleFrameExample.swift; sourceTree = "<group>"; };
		DA0035E52C4D157E00928C84 /* Background.swift */ = {isa = PBXFileReference; lastKnownFileType = sourcecode.swift; path = Background.swift; sourceTree = "<group>"; };
		DA0035E72C4D267500928C84 /* Overlay.swift */ = {isa = PBXFileReference; lastKnownFileType = sourcecode.swift; path = Overlay.swift; sourceTree = "<group>"; };
		DA29FE202C4E1C3400428576 /* FixedSize.swift */ = {isa = PBXFileReference; lastKnownFileType = sourcecode.swift; path = FixedSize.swift; sourceTree = "<group>"; };
		DA29FE222C4E214E00428576 /* FixedSizeWithOverlayBadge.swift */ = {isa = PBXFileReference; lastKnownFileType = sourcecode.swift; path = FixedSizeWithOverlayBadge.swift; sourceTree = "<group>"; };
		DA29FE252C4E519800428576 /* HStack.swift */ = {isa = PBXFileReference; lastKnownFileType = sourcecode.swift; path = HStack.swift; sourceTree = "<group>"; };
		DA31C4E72C425792009EBB36 /* BorderShape.swift */ = {isa = PBXFileReference; lastKnownFileType = sourcecode.swift; path = BorderShape.swift; sourceTree = "<group>"; };
		DA31C4EA2C4294FC009EBB36 /* WhatIsColor.swift */ = {isa = PBXFileReference; lastKnownFileType = sourcecode.swift; path = WhatIsColor.swift; sourceTree = "<group>"; };
		DA31C4ED2C429A90009EBB36 /* WhatIsImage.swift */ = {isa = PBXFileReference; lastKnownFileType = sourcecode.swift; path = WhatIsImage.swift; sourceTree = "<group>"; };
		DA31C4F02C44F673009EBB36 /* LearnViewModifier1.swift */ = {isa = PBXFileReference; lastKnownFileType = sourcecode.swift; path = LearnViewModifier1.swift; sourceTree = "<group>"; };
		DA63A5752C38F9CC003EBB4B /* LearnViewBuilder.swift */ = {isa = PBXFileReference; lastKnownFileType = sourcecode.swift; path = LearnViewBuilder.swift; sourceTree = "<group>"; };
		DA63A5772C390D7D003EBB4B /* LearnViewBuilder2.swift */ = {isa = PBXFileReference; lastKnownFileType = sourcecode.swift; path = LearnViewBuilder2.swift; sourceTree = "<group>"; };
		DA63A5792C393EDA003EBB4B /* LearnGroup.swift */ = {isa = PBXFileReference; lastKnownFileType = sourcecode.swift; path = LearnGroup.swift; sourceTree = "<group>"; };
		DA63A57B2C3967FC003EBB4B /* DynamicContent.swift */ = {isa = PBXFileReference; lastKnownFileType = sourcecode.swift; path = DynamicContent.swift; sourceTree = "<group>"; };
		DA63A57D2C39726A003EBB4B /* OnAppear.swift */ = {isa = PBXFileReference; lastKnownFileType = sourcecode.swift; path = OnAppear.swift; sourceTree = "<group>"; };
		DA63A57F2C399A67003EBB4B /* UnderstandViewBuilder.swift */ = {isa = PBXFileReference; lastKnownFileType = sourcecode.swift; path = UnderstandViewBuilder.swift; sourceTree = "<group>"; };
		DA63A5822C3C15C0003EBB4B /* WhatIsAView.swift */ = {isa = PBXFileReference; lastKnownFileType = sourcecode.swift; path = WhatIsAView.swift; sourceTree = "<group>"; };
		DA6C35AD2C5112EA00B20E9F /* HStackWithFlexibleFrame.swift */ = {isa = PBXFileReference; lastKnownFileType = sourcecode.swift; path = HStackWithFlexibleFrame.swift; sourceTree = "<group>"; };
		DA6C35AF2C512C1600B20E9F /* ZStackBadgeView.swift */ = {isa = PBXFileReference; lastKnownFileType = sourcecode.swift; path = ZStackBadgeView.swift; sourceTree = "<group>"; };
		DA6C35B12C513B7D00B20E9F /* ZStack_.swift */ = {isa = PBXFileReference; lastKnownFileType = sourcecode.swift; path = ZStack_.swift; sourceTree = "<group>"; };
		DA6C35B32C51400900B20E9F /* HStackWithZStack.swift */ = {isa = PBXFileReference; lastKnownFileType = sourcecode.swift; path = HStackWithZStack.swift; sourceTree = "<group>"; };
		DA6C35B52C515E1C00B20E9F /* FlexibleFrame3.swift */ = {isa = PBXFileReference; lastKnownFileType = sourcecode.swift; path = FlexibleFrame3.swift; sourceTree = "<group>"; };
		DA6C35B72C5162A600B20E9F /* HStack_EqualView.swift */ = {isa = PBXFileReference; lastKnownFileType = sourcecode.swift; path = HStack_EqualView.swift; sourceTree = "<group>"; };
		DA8536EC2C40F7080043DDD4 /* DebugLayout.swift */ = {isa = PBXFileReference; lastKnownFileType = sourcecode.swift; path = DebugLayout.swift; sourceTree = "<group>"; };
		DA8536EE2C414B020043DDD4 /* TrapeziumShape.swift */ = {isa = PBXFileReference; lastKnownFileType = sourcecode.swift; path = TrapeziumShape.swift; sourceTree = "<group>"; };
		DA8D42A82C52429000C955B6 /* Console.swift */ = {isa = PBXFileReference; lastKnownFileType = sourcecode.swift; path = Console.swift; sourceTree = "<group>"; };
		DA9B2ECC2C3EA2B8003BDF58 /* HowLayoutWorks.swift */ = {isa = PBXFileReference; lastKnownFileType = sourcecode.swift; path = HowLayoutWorks.swift; sourceTree = "<group>"; };
		DA9B2ECE2C3EBC2D003BDF58 /* TextLeaf.swift */ = {isa = PBXFileReference; lastKnownFileType = sourcecode.swift; path = TextLeaf.swift; sourceTree = "<group>"; };
		DA9D4E8A2BE3878A0058E063 /* LearnSwiftUI.app */ = {isa = PBXFileReference; explicitFileType = wrapper.application; includeInIndex = 0; path = LearnSwiftUI.app; sourceTree = BUILT_PRODUCTS_DIR; };
		DA9D4E8D2BE3878A0058E063 /* LearnSwiftUIApp.swift */ = {isa = PBXFileReference; lastKnownFileType = sourcecode.swift; path = LearnSwiftUIApp.swift; sourceTree = "<group>"; };
		DA9D4E8F2BE3878A0058E063 /* StateObject_.swift */ = {isa = PBXFileReference; lastKnownFileType = sourcecode.swift; path = StateObject_.swift; sourceTree = "<group>"; };
		DA9D4E912BE3878B0058E063 /* Assets.xcassets */ = {isa = PBXFileReference; lastKnownFileType = folder.assetcatalog; path = Assets.xcassets; sourceTree = "<group>"; };
		DA9D4E942BE3878B0058E063 /* Preview Assets.xcassets */ = {isa = PBXFileReference; lastKnownFileType = folder.assetcatalog; path = "Preview Assets.xcassets"; sourceTree = "<group>"; };
		DAB46FB22C40058300024348 /* TextLeaf+fixedSize.swift */ = {isa = PBXFileReference; lastKnownFileType = sourcecode.swift; path = "TextLeaf+fixedSize.swift"; sourceTree = "<group>"; };
		DAB46FB42C400A5C00024348 /* ShapeLeaf.swift */ = {isa = PBXFileReference; lastKnownFileType = sourcecode.swift; path = ShapeLeaf.swift; sourceTree = "<group>"; };
/* End PBXFileReference section */

/* Begin PBXFrameworksBuildPhase section */
		DA9D4E872BE3878A0058E063 /* Frameworks */ = {
			isa = PBXFrameworksBuildPhase;
			buildActionMask = 2147483647;
			files = (
			);
			runOnlyForDeploymentPostprocessing = 0;
		};
/* End PBXFrameworksBuildPhase section */

/* Begin PBXGroup section */
		DA0035CB2C4AA89900928C84 /* ViewModifier */ = {
			isa = PBXGroup;
			children = (
				DA0035CC2C4AA8A500928C84 /* AspectRatio.swift */,
				DA0035E52C4D157E00928C84 /* Background.swift */,
				DA0035E72C4D267500928C84 /* Overlay.swift */,
				DA0035D72C4CA53E00928C84 /* FlexibleFrame1.swift */,
				DA6C35B52C515E1C00B20E9F /* FlexibleFrame3.swift */,
				DA0035D92C4CBAB400928C84 /* FlexibleFrame2.swift */,
				DA0035DB2C4CCFC900928C84 /* FlexibleFrameWithIdealSize.swift */,
				DA29FE202C4E1C3400428576 /* FixedSize.swift */,
				DA29FE222C4E214E00428576 /* FixedSizeWithOverlayBadge.swift */,
				DA0035DD2C4CD23B00928C84 /* FlexibleFrameMaxWidth.swift */,
				DA0035DF2C4CD37C00928C84 /* FrameWithMinWidth.swift */,
				DA0035E32C4CD81100928C84 /* FlexibleFrameExample.swift */,
				DA0035E12C4CD44000928C84 /* FlexibleFrameWithMinAndMaxWidth.swift */,
				DA0035D12C4BFA0A00928C84 /* Padding1.swift */,
				DA0035D32C4C099600928C84 /* Padding2.swift */,
				DA0035D52C4C135400928C84 /* FixedFrame.swift */,
			);
			path = ViewModifier;
			sourceTree = "<group>";
		};
		DA29FE242C4E518B00428576 /* Container */ = {
			isa = PBXGroup;
			children = (
				DA29FE252C4E519800428576 /* HStack.swift */,
				DA6C35B72C5162A600B20E9F /* HStack_EqualView.swift */,
				DA6C35AD2C5112EA00B20E9F /* HStackWithFlexibleFrame.swift */,
				DA6C35B32C51400900B20E9F /* HStackWithZStack.swift */,
				DA6C35AF2C512C1600B20E9F /* ZStackBadgeView.swift */,
				DA6C35B12C513B7D00B20E9F /* ZStack_.swift */,
			);
			path = Container;
			sourceTree = "<group>";
		};
		DA31C4E92C4294E0009EBB36 /* Color */ = {
			isa = PBXGroup;
			children = (
				DA31C4EA2C4294FC009EBB36 /* WhatIsColor.swift */,
			);
			path = Color;
			sourceTree = "<group>";
		};
		DA31C4EC2C429A82009EBB36 /* Image */ = {
			isa = PBXGroup;
			children = (
				DA31C4ED2C429A90009EBB36 /* WhatIsImage.swift */,
			);
			path = Image;
			sourceTree = "<group>";
		};
		DA31C4EF2C44F66A009EBB36 /* Practice */ = {
			isa = PBXGroup;
			children = (
				DA31C4F02C44F673009EBB36 /* LearnViewModifier1.swift */,
				DA0035CE2C4BF4B900928C84 /* LearnViewModifier2.swift */,
			);
			path = Practice;
			sourceTree = "<group>";
		};
		DA63A5812C3C1583003EBB4B /* View */ = {
			isa = PBXGroup;
			children = (
				DA31C4EC2C429A82009EBB36 /* Image */,
				DA31C4E92C4294E0009EBB36 /* Color */,
				DAB46FB62C40197400024348 /* Shape */,
				DA63A5822C3C15C0003EBB4B /* WhatIsAView.swift */,
				DA9B2ECC2C3EA2B8003BDF58 /* HowLayoutWorks.swift */,
				DA9B2ECE2C3EBC2D003BDF58 /* TextLeaf.swift */,
				DAB46FB22C40058300024348 /* TextLeaf+fixedSize.swift */,
				DAB46FB42C400A5C00024348 /* ShapeLeaf.swift */,
			);
			path = View;
			sourceTree = "<group>";
		};
		DA8536EB2C40F6F20043DDD4 /* Debugging */ = {
			isa = PBXGroup;
			children = (
				DA8536EC2C40F7080043DDD4 /* DebugLayout.swift */,
				DA8D42A82C52429000C955B6 /* Console.swift */,
			);
			path = Debugging;
			sourceTree = "<group>";
		};
		DA9D4E812BE3878A0058E063 = {
			isa = PBXGroup;
			children = (
				DA9D4E8C2BE3878A0058E063 /* LearnSwiftUI */,
				DA9D4E8B2BE3878A0058E063 /* Products */,
			);
			sourceTree = "<group>";
		};
		DA9D4E8B2BE3878A0058E063 /* Products */ = {
			isa = PBXGroup;
			children = (
				DA9D4E8A2BE3878A0058E063 /* LearnSwiftUI.app */,
			);
			name = Products;
			sourceTree = "<group>";
		};
		DA9D4E8C2BE3878A0058E063 /* LearnSwiftUI */ = {
			isa = PBXGroup;
			children = (
				DA29FE242C4E518B00428576 /* Container */,
				DA0035CB2C4AA89900928C84 /* ViewModifier */,
				DA31C4EF2C44F66A009EBB36 /* Practice */,
				DA8536EB2C40F6F20043DDD4 /* Debugging */,
				DA63A5812C3C1583003EBB4B /* View */,
				DA9D4E8D2BE3878A0058E063 /* LearnSwiftUIApp.swift */,
				DA63A5752C38F9CC003EBB4B /* LearnViewBuilder.swift */,
				DA63A5772C390D7D003EBB4B /* LearnViewBuilder2.swift */,
				DA63A5792C393EDA003EBB4B /* LearnGroup.swift */,
				DA63A57B2C3967FC003EBB4B /* DynamicContent.swift */,
				DA63A57D2C39726A003EBB4B /* OnAppear.swift */,
				DA63A57F2C399A67003EBB4B /* UnderstandViewBuilder.swift */,
				DA9D4E8F2BE3878A0058E063 /* StateObject_.swift */,
				DA9D4E912BE3878B0058E063 /* Assets.xcassets */,
				DA9D4E932BE3878B0058E063 /* Preview Content */,
			);
			path = LearnSwiftUI;
			sourceTree = "<group>";
		};
		DA9D4E932BE3878B0058E063 /* Preview Content */ = {
			isa = PBXGroup;
			children = (
				DA9D4E942BE3878B0058E063 /* Preview Assets.xcassets */,
			);
			path = "Preview Content";
			sourceTree = "<group>";
		};
		DAB46FB62C40197400024348 /* Shape */ = {
			isa = PBXGroup;
			children = (
				DA8536EE2C414B020043DDD4 /* TrapeziumShape.swift */,
				DA31C4E72C425792009EBB36 /* BorderShape.swift */,
			);
			path = Shape;
			sourceTree = "<group>";
		};
/* End PBXGroup section */

/* Begin PBXNativeTarget section */
		DA9D4E892BE3878A0058E063 /* LearnSwiftUI */ = {
			isa = PBXNativeTarget;
			buildConfigurationList = DA9D4E982BE3878B0058E063 /* Build configuration list for PBXNativeTarget "LearnSwiftUI" */;
			buildPhases = (
				DA9D4E862BE3878A0058E063 /* Sources */,
				DA9D4E872BE3878A0058E063 /* Frameworks */,
				DA9D4E882BE3878A0058E063 /* Resources */,
			);
			buildRules = (
			);
			dependencies = (
			);
			name = LearnSwiftUI;
			productName = LearnSwiftUI;
			productReference = DA9D4E8A2BE3878A0058E063 /* LearnSwiftUI.app */;
			productType = "com.apple.product-type.application";
		};
/* End PBXNativeTarget section */

/* Begin PBXProject section */
		DA9D4E822BE3878A0058E063 /* Project object */ = {
			isa = PBXProject;
			attributes = {
				BuildIndependentTargetsInParallel = 1;
				LastSwiftUpdateCheck = 1430;
				LastUpgradeCheck = 1430;
				TargetAttributes = {
					DA9D4E892BE3878A0058E063 = {
						CreatedOnToolsVersion = 14.3.1;
					};
				};
			};
			buildConfigurationList = DA9D4E852BE3878A0058E063 /* Build configuration list for PBXProject "LearnSwiftUI" */;
			compatibilityVersion = "Xcode 14.0";
			developmentRegion = en;
			hasScannedForEncodings = 0;
			knownRegions = (
				en,
				Base,
			);
			mainGroup = DA9D4E812BE3878A0058E063;
			productRefGroup = DA9D4E8B2BE3878A0058E063 /* Products */;
			projectDirPath = "";
			projectRoot = "";
			targets = (
				DA9D4E892BE3878A0058E063 /* LearnSwiftUI */,
			);
		};
/* End PBXProject section */

/* Begin PBXResourcesBuildPhase section */
		DA9D4E882BE3878A0058E063 /* Resources */ = {
			isa = PBXResourcesBuildPhase;
			buildActionMask = 2147483647;
			files = (
				DA9D4E952BE3878B0058E063 /* Preview Assets.xcassets in Resources */,
				DA9D4E922BE3878B0058E063 /* Assets.xcassets in Resources */,
			);
			runOnlyForDeploymentPostprocessing = 0;
		};
/* End PBXResourcesBuildPhase section */

/* Begin PBXSourcesBuildPhase section */
		DA9D4E862BE3878A0058E063 /* Sources */ = {
			isa = PBXSourcesBuildPhase;
			buildActionMask = 2147483647;
			files = (
				DA8536EF2C414B020043DDD4 /* TrapeziumShape.swift in Sources */,
				DA29FE212C4E1C3400428576 /* FixedSize.swift in Sources */,
				DA0035DC2C4CCFC900928C84 /* FlexibleFrameWithIdealSize.swift in Sources */,
				DA6C35B62C515E1C00B20E9F /* FlexibleFrame3.swift in Sources */,
				DA6C35B42C51400900B20E9F /* HStackWithZStack.swift in Sources */,
				DA31C4EE2C429A90009EBB36 /* WhatIsImage.swift in Sources */,
				DA8536ED2C40F7080043DDD4 /* DebugLayout.swift in Sources */,
				DA0035CD2C4AA8A500928C84 /* AspectRatio.swift in Sources */,
				DA8D42A92C52429000C955B6 /* Console.swift in Sources */,
				DAB46FB52C400A5C00024348 /* ShapeLeaf.swift in Sources */,
				DA6C35B82C5162A600B20E9F /* HStack_EqualView.swift in Sources */,
				DA0035E02C4CD37C00928C84 /* FrameWithMinWidth.swift in Sources */,
				DA0035E82C4D267500928C84 /* Overlay.swift in Sources */,
				DA29FE262C4E519800428576 /* HStack.swift in Sources */,
				DA63A5802C399A67003EBB4B /* UnderstandViewBuilder.swift in Sources */,
				DA0035D62C4C135400928C84 /* FixedFrame.swift in Sources */,
				DA0035D82C4CA53E00928C84 /* FlexibleFrame1.swift in Sources */,
				DA0035E62C4D157E00928C84 /* Background.swift in Sources */,
				DA63A57E2C39726A003EBB4B /* OnAppear.swift in Sources */,
				DA0035DA2C4CBAB400928C84 /* FlexibleFrame2.swift in Sources */,
				DA63A5782C390D7D003EBB4B /* LearnViewBuilder2.swift in Sources */,
				DA9D4E902BE3878A0058E063 /* StateObject_.swift in Sources */,
				DA6C35AE2C5112EA00B20E9F /* HStackWithFlexibleFrame.swift in Sources */,
				DA0035D22C4BFA0A00928C84 /* Padding1.swift in Sources */,
				DA0035DE2C4CD23B00928C84 /* FlexibleFrameMaxWidth.swift in Sources */,
				DA9D4E8E2BE3878A0058E063 /* LearnSwiftUIApp.swift in Sources */,
				DA9B2ECD2C3EA2B8003BDF58 /* HowLayoutWorks.swift in Sources */,
				DA63A57A2C393EDA003EBB4B /* LearnGroup.swift in Sources */,
				DA63A5762C38F9CC003EBB4B /* LearnViewBuilder.swift in Sources */,
				DA29FE232C4E214E00428576 /* FixedSizeWithOverlayBadge.swift in Sources */,
				DA31C4E82C425792009EBB36 /* BorderShape.swift in Sources */,
				DA63A5832C3C15C0003EBB4B /* WhatIsAView.swift in Sources */,
				DA0035D42C4C099600928C84 /* Padding2.swift in Sources */,
				DA0035CF2C4BF4B900928C84 /* LearnViewModifier2.swift in Sources */,
				DA6C35B22C513B7D00B20E9F /* ZStack_.swift in Sources */,
				DA63A57C2C3967FC003EBB4B /* DynamicContent.swift in Sources */,
				DA31C4F12C44F673009EBB36 /* LearnViewModifier1.swift in Sources */,
				DA31C4EB2C4294FC009EBB36 /* WhatIsColor.swift in Sources */,
				DAB46FB32C40058300024348 /* TextLeaf+fixedSize.swift in Sources */,
				DA6C35B02C512C1600B20E9F /* ZStackBadgeView.swift in Sources */,
				DA9B2ECF2C3EBC2D003BDF58 /* TextLeaf.swift in Sources */,
				DA0035E22C4CD44000928C84 /* FlexibleFrameWithMinAndMaxWidth.swift in Sources */,
				DA0035E42C4CD81100928C84 /* FlexibleFrameExample.swift in Sources */,
			);
			runOnlyForDeploymentPostprocessing = 0;
		};
/* End PBXSourcesBuildPhase section */

/* Begin XCBuildConfiguration section */
		DA9D4E962BE3878B0058E063 /* Debug */ = {
			isa = XCBuildConfiguration;
			buildSettings = {
				ALWAYS_SEARCH_USER_PATHS = NO;
				CLANG_ANALYZER_NONNULL = YES;
				CLANG_ANALYZER_NUMBER_OBJECT_CONVERSION = YES_AGGRESSIVE;
				CLANG_CXX_LANGUAGE_STANDARD = "gnu++20";
				CLANG_ENABLE_MODULES = YES;
				CLANG_ENABLE_OBJC_ARC = YES;
				CLANG_ENABLE_OBJC_WEAK = YES;
				CLANG_WARN_BLOCK_CAPTURE_AUTORELEASING = YES;
				CLANG_WARN_BOOL_CONVERSION = YES;
				CLANG_WARN_COMMA = YES;
				CLANG_WARN_CONSTANT_CONVERSION = YES;
				CLANG_WARN_DEPRECATED_OBJC_IMPLEMENTATIONS = YES;
				CLANG_WARN_DIRECT_OBJC_ISA_USAGE = YES_ERROR;
				CLANG_WARN_DOCUMENTATION_COMMENTS = YES;
				CLANG_WARN_EMPTY_BODY = YES;
				CLANG_WARN_ENUM_CONVERSION = YES;
				CLANG_WARN_INFINITE_RECURSION = YES;
				CLANG_WARN_INT_CONVERSION = YES;
				CLANG_WARN_NON_LITERAL_NULL_CONVERSION = YES;
				CLANG_WARN_OBJC_IMPLICIT_RETAIN_SELF = YES;
				CLANG_WARN_OBJC_LITERAL_CONVERSION = YES;
				CLANG_WARN_OBJC_ROOT_CLASS = YES_ERROR;
				CLANG_WARN_QUOTED_INCLUDE_IN_FRAMEWORK_HEADER = YES;
				CLANG_WARN_RANGE_LOOP_ANALYSIS = YES;
				CLANG_WARN_STRICT_PROTOTYPES = YES;
				CLANG_WARN_SUSPICIOUS_MOVE = YES;
				CLANG_WARN_UNGUARDED_AVAILABILITY = YES_AGGRESSIVE;
				CLANG_WARN_UNREACHABLE_CODE = YES;
				CLANG_WARN__DUPLICATE_METHOD_MATCH = YES;
				COPY_PHASE_STRIP = NO;
				DEBUG_INFORMATION_FORMAT = dwarf;
				ENABLE_STRICT_OBJC_MSGSEND = YES;
				ENABLE_TESTABILITY = YES;
				GCC_C_LANGUAGE_STANDARD = gnu11;
				GCC_DYNAMIC_NO_PIC = NO;
				GCC_NO_COMMON_BLOCKS = YES;
				GCC_OPTIMIZATION_LEVEL = 0;
				GCC_PREPROCESSOR_DEFINITIONS = (
					"DEBUG=1",
					"$(inherited)",
				);
				GCC_WARN_64_TO_32_BIT_CONVERSION = YES;
				GCC_WARN_ABOUT_RETURN_TYPE = YES_ERROR;
				GCC_WARN_UNDECLARED_SELECTOR = YES;
				GCC_WARN_UNINITIALIZED_AUTOS = YES_AGGRESSIVE;
				GCC_WARN_UNUSED_FUNCTION = YES;
				GCC_WARN_UNUSED_VARIABLE = YES;
				IPHONEOS_DEPLOYMENT_TARGET = 16.4;
				MTL_ENABLE_DEBUG_INFO = INCLUDE_SOURCE;
				MTL_FAST_MATH = YES;
				ONLY_ACTIVE_ARCH = YES;
				SDKROOT = iphoneos;
				SWIFT_ACTIVE_COMPILATION_CONDITIONS = DEBUG;
				SWIFT_OPTIMIZATION_LEVEL = "-Onone";
			};
			name = Debug;
		};
		DA9D4E972BE3878B0058E063 /* Release */ = {
			isa = XCBuildConfiguration;
			buildSettings = {
				ALWAYS_SEARCH_USER_PATHS = NO;
				CLANG_ANALYZER_NONNULL = YES;
				CLANG_ANALYZER_NUMBER_OBJECT_CONVERSION = YES_AGGRESSIVE;
				CLANG_CXX_LANGUAGE_STANDARD = "gnu++20";
				CLANG_ENABLE_MODULES = YES;
				CLANG_ENABLE_OBJC_ARC = YES;
				CLANG_ENABLE_OBJC_WEAK = YES;
				CLANG_WARN_BLOCK_CAPTURE_AUTORELEASING = YES;
				CLANG_WARN_BOOL_CONVERSION = YES;
				CLANG_WARN_COMMA = YES;
				CLANG_WARN_CONSTANT_CONVERSION = YES;
				CLANG_WARN_DEPRECATED_OBJC_IMPLEMENTATIONS = YES;
				CLANG_WARN_DIRECT_OBJC_ISA_USAGE = YES_ERROR;
				CLANG_WARN_DOCUMENTATION_COMMENTS = YES;
				CLANG_WARN_EMPTY_BODY = YES;
				CLANG_WARN_ENUM_CONVERSION = YES;
				CLANG_WARN_INFINITE_RECURSION = YES;
				CLANG_WARN_INT_CONVERSION = YES;
				CLANG_WARN_NON_LITERAL_NULL_CONVERSION = YES;
				CLANG_WARN_OBJC_IMPLICIT_RETAIN_SELF = YES;
				CLANG_WARN_OBJC_LITERAL_CONVERSION = YES;
				CLANG_WARN_OBJC_ROOT_CLASS = YES_ERROR;
				CLANG_WARN_QUOTED_INCLUDE_IN_FRAMEWORK_HEADER = YES;
				CLANG_WARN_RANGE_LOOP_ANALYSIS = YES;
				CLANG_WARN_STRICT_PROTOTYPES = YES;
				CLANG_WARN_SUSPICIOUS_MOVE = YES;
				CLANG_WARN_UNGUARDED_AVAILABILITY = YES_AGGRESSIVE;
				CLANG_WARN_UNREACHABLE_CODE = YES;
				CLANG_WARN__DUPLICATE_METHOD_MATCH = YES;
				COPY_PHASE_STRIP = NO;
				DEBUG_INFORMATION_FORMAT = "dwarf-with-dsym";
				ENABLE_NS_ASSERTIONS = NO;
				ENABLE_STRICT_OBJC_MSGSEND = YES;
				GCC_C_LANGUAGE_STANDARD = gnu11;
				GCC_NO_COMMON_BLOCKS = YES;
				GCC_WARN_64_TO_32_BIT_CONVERSION = YES;
				GCC_WARN_ABOUT_RETURN_TYPE = YES_ERROR;
				GCC_WARN_UNDECLARED_SELECTOR = YES;
				GCC_WARN_UNINITIALIZED_AUTOS = YES_AGGRESSIVE;
				GCC_WARN_UNUSED_FUNCTION = YES;
				GCC_WARN_UNUSED_VARIABLE = YES;
				IPHONEOS_DEPLOYMENT_TARGET = 16.4;
				MTL_ENABLE_DEBUG_INFO = NO;
				MTL_FAST_MATH = YES;
				SDKROOT = iphoneos;
				SWIFT_COMPILATION_MODE = wholemodule;
				SWIFT_OPTIMIZATION_LEVEL = "-O";
				VALIDATE_PRODUCT = YES;
			};
			name = Release;
		};
		DA9D4E992BE3878B0058E063 /* Debug */ = {
			isa = XCBuildConfiguration;
			buildSettings = {
				ASSETCATALOG_COMPILER_APPICON_NAME = AppIcon;
				ASSETCATALOG_COMPILER_GLOBAL_ACCENT_COLOR_NAME = AccentColor;
				CODE_SIGN_STYLE = Automatic;
				CURRENT_PROJECT_VERSION = 1;
				DEVELOPMENT_ASSET_PATHS = "\"LearnSwiftUI/Preview Content\"";
				DEVELOPMENT_TEAM = 7BQ7XA9X92;
				ENABLE_PREVIEWS = YES;
				GENERATE_INFOPLIST_FILE = YES;
				INFOPLIST_KEY_UIApplicationSceneManifest_Generation = YES;
				INFOPLIST_KEY_UIApplicationSupportsIndirectInputEvents = YES;
				INFOPLIST_KEY_UILaunchScreen_Generation = YES;
				INFOPLIST_KEY_UISupportedInterfaceOrientations_iPad = "UIInterfaceOrientationPortrait UIInterfaceOrientationPortraitUpsideDown UIInterfaceOrientationLandscapeLeft UIInterfaceOrientationLandscapeRight";
				INFOPLIST_KEY_UISupportedInterfaceOrientations_iPhone = "UIInterfaceOrientationPortrait UIInterfaceOrientationLandscapeLeft UIInterfaceOrientationLandscapeRight";
				LD_RUNPATH_SEARCH_PATHS = (
					"$(inherited)",
					"@executable_path/Frameworks",
				);
				MARKETING_VERSION = 1.0;
				PRODUCT_BUNDLE_IDENTIFIER = com.example.karthikkmanoj.LearnSwiftUI;
				PRODUCT_NAME = "$(TARGET_NAME)";
				SWIFT_EMIT_LOC_STRINGS = YES;
				SWIFT_VERSION = 5.0;
				TARGETED_DEVICE_FAMILY = "1,2";
			};
			name = Debug;
		};
		DA9D4E9A2BE3878B0058E063 /* Release */ = {
			isa = XCBuildConfiguration;
			buildSettings = {
				ASSETCATALOG_COMPILER_APPICON_NAME = AppIcon;
				ASSETCATALOG_COMPILER_GLOBAL_ACCENT_COLOR_NAME = AccentColor;
				CODE_SIGN_STYLE = Automatic;
				CURRENT_PROJECT_VERSION = 1;
				DEVELOPMENT_ASSET_PATHS = "\"LearnSwiftUI/Preview Content\"";
				DEVELOPMENT_TEAM = 7BQ7XA9X92;
				ENABLE_PREVIEWS = YES;
				GENERATE_INFOPLIST_FILE = YES;
				INFOPLIST_KEY_UIApplicationSceneManifest_Generation = YES;
				INFOPLIST_KEY_UIApplicationSupportsIndirectInputEvents = YES;
				INFOPLIST_KEY_UILaunchScreen_Generation = YES;
				INFOPLIST_KEY_UISupportedInterfaceOrientations_iPad = "UIInterfaceOrientationPortrait UIInterfaceOrientationPortraitUpsideDown UIInterfaceOrientationLandscapeLeft UIInterfaceOrientationLandscapeRight";
				INFOPLIST_KEY_UISupportedInterfaceOrientations_iPhone = "UIInterfaceOrientationPortrait UIInterfaceOrientationLandscapeLeft UIInterfaceOrientationLandscapeRight";
				LD_RUNPATH_SEARCH_PATHS = (
					"$(inherited)",
					"@executable_path/Frameworks",
				);
				MARKETING_VERSION = 1.0;
				PRODUCT_BUNDLE_IDENTIFIER = com.example.karthikkmanoj.LearnSwiftUI;
				PRODUCT_NAME = "$(TARGET_NAME)";
				SWIFT_EMIT_LOC_STRINGS = YES;
				SWIFT_VERSION = 5.0;
				TARGETED_DEVICE_FAMILY = "1,2";
			};
			name = Release;
		};
/* End XCBuildConfiguration section */

/* Begin XCConfigurationList section */
		DA9D4E852BE3878A0058E063 /* Build configuration list for PBXProject "LearnSwiftUI" */ = {
			isa = XCConfigurationList;
			buildConfigurations = (
				DA9D4E962BE3878B0058E063 /* Debug */,
				DA9D4E972BE3878B0058E063 /* Release */,
			);
			defaultConfigurationIsVisible = 0;
			defaultConfigurationName = Release;
		};
		DA9D4E982BE3878B0058E063 /* Build configuration list for PBXNativeTarget "LearnSwiftUI" */ = {
			isa = XCConfigurationList;
			buildConfigurations = (
				DA9D4E992BE3878B0058E063 /* Debug */,
				DA9D4E9A2BE3878B0058E063 /* Release */,
			);
			defaultConfigurationIsVisible = 0;
			defaultConfigurationName = Release;
		};
/* End XCConfigurationList section */
	};
	rootObject = DA9D4E822BE3878A0058E063 /* Project object */;
}
