// !$*UTF8*$!
{
	archiveVersion = 1;
	classes = {
	};
	objectVersion = 56;
	objects = {

/* Begin PBXBuildFile section */
		DA0035CD2C4AA8A500928C84 /* AspectRatio.swift in Sources */ = {isa = PBXBuildFile; fileRef = DA0035CC2C4AA8A500928C84 /* AspectRatio.swift */; };
		DA0035CF2C4BF4B900928C84 /* LearnViewModifier2.swift in Sources */ = {isa = PBXBuildFile; fileRef = DA0035CE2C4BF4B900928C84 /* LearnViewModifier2.swift */; };
		DA0035D22C4BFA0A00928C84 /* Padding1.swift in Sources */ = {isa = PBXBuildFile; fileRef = DA0035D12C4BFA0A00928C84 /* Padding1.swift */; };
		DA0035D42C4C099600928C84 /* Padding2.swift in Sources */ = {isa = PBXBuildFile; fileRef = DA0035D32C4C099600928C84 /* Padding2.swift */; };
		DA0035D62C4C135400928C84 /* FixedFrame.swift in Sources */ = {isa = PBXBuildFile; fileRef = DA0035D52C4C135400928C84 /* FixedFrame.swift */; };
		DA0035D82C4CA53E00928C84 /* FlexibleFrame1.swift in Sources */ = {isa = PBXBuildFile; fileRef = DA0035D72C4CA53E00928C84 /* FlexibleFrame1.swift */; };
		DA0035DA2C4CBAB400928C84 /* FlexibleFrame2.swift in Sources */ = {isa = PBXBuildFile; fileRef = DA0035D92C4CBAB400928C84 /* FlexibleFrame2.swift */; };
		DA0035DC2C4CCFC900928C84 /* FlexibleFrameWithIdealSize.swift in Sources */ = {isa = PBXBuildFile; fileRef = DA0035DB2C4CCFC900928C84 /* FlexibleFrameWithIdealSize.swift */; };
		DA0035DE2C4CD23B00928C84 /* FlexibleFrameMaxWidth.swift in Sources */ = {isa = PBXBuildFile; fileRef = DA0035DD2C4CD23B00928C84 /* FlexibleFrameMaxWidth.swift */; };
		DA0035E02C4CD37C00928C84 /* FrameWithMinWidth.swift in Sources */ = {isa = PBXBuildFile; fileRef = DA0035DF2C4CD37C00928C84 /* FrameWithMinWidth.swift */; };
		DA0035E22C4CD44000928C84 /* FlexibleFrameWithMinAndMaxWidth.swift in Sources */ = {isa = PBXBuildFile; fileRef = DA0035E12C4CD44000928C84 /* FlexibleFrameWithMinAndMaxWidth.swift */; };
		DA0035E42C4CD81100928C84 /* FlexibleFrameExample.swift in Sources */ = {isa = PBXBuildFile; fileRef = DA0035E32C4CD81100928C84 /* FlexibleFrameExample.swift */; };
		DA0035E62C4D157E00928C84 /* Background.swift in Sources */ = {isa = PBXBuildFile; fileRef = DA0035E52C4D157E00928C84 /* Background.swift */; };
		DA0035E82C4D267500928C84 /* Overlay.swift in Sources */ = {isa = PBXBuildFile; fileRef = DA0035E72C4D267500928C84 /* Overlay.swift */; };
		DA1AD0CF2C771B35005AB822 /* CustomTransitionDemo.swift in Sources */ = {isa = PBXBuildFile; fileRef = DA1AD0CE2C771B35005AB822 /* CustomTransitionDemo.swift */; };
		DA1AD0D12C772824005AB822 /* DIfferentTransitionBranch.swift in Sources */ = {isa = PBXBuildFile; fileRef = DA1AD0D02C772824005AB822 /* DIfferentTransitionBranch.swift */; };
		DA1AD0D32C7741CB005AB822 /* ExplicitIdentifierAnimation.swift in Sources */ = {isa = PBXBuildFile; fileRef = DA1AD0D22C7741CB005AB822 /* ExplicitIdentifierAnimation.swift */; };
		DA1AD0D52C77460C005AB822 /* TransactionWithIdModifier.swift in Sources */ = {isa = PBXBuildFile; fileRef = DA1AD0D42C77460C005AB822 /* TransactionWithIdModifier.swift */; };
		DA1AD0D72C776D8F005AB822 /* TransactionUnderstanding.swift in Sources */ = {isa = PBXBuildFile; fileRef = DA1AD0D62C776D8F005AB822 /* TransactionUnderstanding.swift */; };
		DA26C5DF2C5B5B960062FAA5 /* FrameWidthAnimation.swift in Sources */ = {isa = PBXBuildFile; fileRef = DA26C5DE2C5B5B960062FAA5 /* FrameWidthAnimation.swift */; };
		DA26C5E12C5B5ED10062FAA5 /* TransitionAnimationWithFrame.swift in Sources */ = {isa = PBXBuildFile; fileRef = DA26C5E02C5B5ED10062FAA5 /* TransitionAnimationWithFrame.swift */; };
		DA26C5E32C5B63570062FAA5 /* ImplicitAnimation.swift in Sources */ = {isa = PBXBuildFile; fileRef = DA26C5E22C5B63570062FAA5 /* ImplicitAnimation.swift */; };
		DA26C5E52C5B8B560062FAA5 /* AnimationWithBody.swift in Sources */ = {isa = PBXBuildFile; fileRef = DA26C5E42C5B8B560062FAA5 /* AnimationWithBody.swift */; };
		DA29FE212C4E1C3400428576 /* FixedSize.swift in Sources */ = {isa = PBXBuildFile; fileRef = DA29FE202C4E1C3400428576 /* FixedSize.swift */; };
		DA29FE232C4E214E00428576 /* FixedSizeWithOverlayBadge.swift in Sources */ = {isa = PBXBuildFile; fileRef = DA29FE222C4E214E00428576 /* FixedSizeWithOverlayBadge.swift */; };
		DA29FE262C4E519800428576 /* HStack.swift in Sources */ = {isa = PBXBuildFile; fileRef = DA29FE252C4E519800428576 /* HStack.swift */; };
		DA31C4E82C425792009EBB36 /* BorderShape.swift in Sources */ = {isa = PBXBuildFile; fileRef = DA31C4E72C425792009EBB36 /* BorderShape.swift */; };
		DA31C4EB2C4294FC009EBB36 /* WhatIsColor.swift in Sources */ = {isa = PBXBuildFile; fileRef = DA31C4EA2C4294FC009EBB36 /* WhatIsColor.swift */; };
		DA31C4EE2C429A90009EBB36 /* WhatIsImage.swift in Sources */ = {isa = PBXBuildFile; fileRef = DA31C4ED2C429A90009EBB36 /* WhatIsImage.swift */; };
		DA31C4F12C44F673009EBB36 /* LearnViewModifier1.swift in Sources */ = {isa = PBXBuildFile; fileRef = DA31C4F02C44F673009EBB36 /* LearnViewModifier1.swift */; };
		DA34F31C2C71E40B00171BFA /* AnimationWithoutValue.swift in Sources */ = {isa = PBXBuildFile; fileRef = DA34F31B2C71E40B00171BFA /* AnimationWithoutValue.swift */; };
		DA34F31E2C71E69100171BFA /* WithAnimation.swift in Sources */ = {isa = PBXBuildFile; fileRef = DA34F31D2C71E69100171BFA /* WithAnimation.swift */; };
		DA34F3202C71E7F800171BFA /* WithAnimatableSpecficDependency.swift in Sources */ = {isa = PBXBuildFile; fileRef = DA34F31F2C71E7F800171BFA /* WithAnimatableSpecficDependency.swift */; };
		DA34F3222C71E8CC00171BFA /* AnimatableWithSpecificDependency.swift in Sources */ = {isa = PBXBuildFile; fileRef = DA34F3212C71E8CC00171BFA /* AnimatableWithSpecificDependency.swift */; };
		DA34F3242C7240BA00171BFA /* WithAnimationDependencyMustBeExplicit.swift in Sources */ = {isa = PBXBuildFile; fileRef = DA34F3232C7240BA00171BFA /* WithAnimationDependencyMustBeExplicit.swift */; };
		DA34F3262C7243B100171BFA /* AboutAnimatable.swift in Sources */ = {isa = PBXBuildFile; fileRef = DA34F3252C7243B100171BFA /* AboutAnimatable.swift */; };
		DA34F3282C725BDB00171BFA /* AnimatablePair.swift in Sources */ = {isa = PBXBuildFile; fileRef = DA34F3272C725BDB00171BFA /* AnimatablePair.swift */; };
		DA34F32A2C72621600171BFA /* DisableAnimation.swift in Sources */ = {isa = PBXBuildFile; fileRef = DA34F3292C72621600171BFA /* DisableAnimation.swift */; };
		DA47C4F52C7C574A007B15D2 /* PhaseBasedAnimation.swift in Sources */ = {isa = PBXBuildFile; fileRef = DA47C4F42C7C574A007B15D2 /* PhaseBasedAnimation.swift */; };
		DA47C4F82C7C6D2B007B15D2 /* GeoReader.swift in Sources */ = {isa = PBXBuildFile; fileRef = DA47C4F72C7C6D2B007B15D2 /* GeoReader.swift */; };
		DA4A6ADA2C612ED500AA1491 /* ShakeView.swift in Sources */ = {isa = PBXBuildFile; fileRef = DA4A6AD92C612ED500AA1491 /* ShakeView.swift */; };
		DA4B6BC92C5CCD150060B0AB /* AnimationExample.swift in Sources */ = {isa = PBXBuildFile; fileRef = DA4B6BC82C5CCD150060B0AB /* AnimationExample.swift */; };
		DA4B6BCB2C5CD1930060B0AB /* OffsetAnimation.swift in Sources */ = {isa = PBXBuildFile; fileRef = DA4B6BCA2C5CD1930060B0AB /* OffsetAnimation.swift */; };
		DA4B6BCD2C5CD4070060B0AB /* HueAnimation.swift in Sources */ = {isa = PBXBuildFile; fileRef = DA4B6BCC2C5CD4070060B0AB /* HueAnimation.swift */; };
		DA4B6BCF2C5CD6C40060B0AB /* OpacityAnimation.swift in Sources */ = {isa = PBXBuildFile; fileRef = DA4B6BCE2C5CD6C40060B0AB /* OpacityAnimation.swift */; };
		DA4B6BD12C5CDF9F0060B0AB /* SystemShapeScalingAnimation.swift in Sources */ = {isa = PBXBuildFile; fileRef = DA4B6BD02C5CDF9F0060B0AB /* SystemShapeScalingAnimation.swift */; };
		DA4B6BD32C5CE25B0060B0AB /* ScalingWithAnchorPointAnimation.swift in Sources */ = {isa = PBXBuildFile; fileRef = DA4B6BD22C5CE25B0060B0AB /* ScalingWithAnchorPointAnimation.swift */; };
		DA4B6BD52C5CE39D0060B0AB /* StrokeAnimation.swift in Sources */ = {isa = PBXBuildFile; fileRef = DA4B6BD42C5CE39D0060B0AB /* StrokeAnimation.swift */; };
		DA4B6BD72C5CE6520060B0AB /* TrimModifierAnimation.swift in Sources */ = {isa = PBXBuildFile; fileRef = DA4B6BD62C5CE6520060B0AB /* TrimModifierAnimation.swift */; };
		DA4B6BD92C5CEC0C0060B0AB /* AnimateCornerRadius.swift in Sources */ = {isa = PBXBuildFile; fileRef = DA4B6BD82C5CEC0C0060B0AB /* AnimateCornerRadius.swift */; };
		DA6073172C54BEEE008D718A /* PracticeAlignmentGuide2.swift in Sources */ = {isa = PBXBuildFile; fileRef = DA6073162C54BEEE008D718A /* PracticeAlignmentGuide2.swift */; };
		DA6073192C54E837008D718A /* PracticeAlignmentGuide3.swift in Sources */ = {isa = PBXBuildFile; fileRef = DA6073182C54E837008D718A /* PracticeAlignmentGuide3.swift */; };
		DA60731B2C54FA67008D718A /* PracticeAlignment4.swift in Sources */ = {isa = PBXBuildFile; fileRef = DA60731A2C54FA67008D718A /* PracticeAlignment4.swift */; };
		DA63A5762C38F9CC003EBB4B /* LearnViewBuilder.swift in Sources */ = {isa = PBXBuildFile; fileRef = DA63A5752C38F9CC003EBB4B /* LearnViewBuilder.swift */; };
		DA63A5782C390D7D003EBB4B /* LearnViewBuilder2.swift in Sources */ = {isa = PBXBuildFile; fileRef = DA63A5772C390D7D003EBB4B /* LearnViewBuilder2.swift */; };
		DA63A57A2C393EDA003EBB4B /* LearnGroup.swift in Sources */ = {isa = PBXBuildFile; fileRef = DA63A5792C393EDA003EBB4B /* LearnGroup.swift */; };
		DA63A57C2C3967FC003EBB4B /* DynamicContent.swift in Sources */ = {isa = PBXBuildFile; fileRef = DA63A57B2C3967FC003EBB4B /* DynamicContent.swift */; };
		DA63A57E2C39726A003EBB4B /* OnAppear.swift in Sources */ = {isa = PBXBuildFile; fileRef = DA63A57D2C39726A003EBB4B /* OnAppear.swift */; };
		DA63A5802C399A67003EBB4B /* UnderstandViewBuilder.swift in Sources */ = {isa = PBXBuildFile; fileRef = DA63A57F2C399A67003EBB4B /* UnderstandViewBuilder.swift */; };
		DA63A5832C3C15C0003EBB4B /* WhatIsAView.swift in Sources */ = {isa = PBXBuildFile; fileRef = DA63A5822C3C15C0003EBB4B /* WhatIsAView.swift */; };
		DA6C35AE2C5112EA00B20E9F /* HStackWithFlexibleFrame.swift in Sources */ = {isa = PBXBuildFile; fileRef = DA6C35AD2C5112EA00B20E9F /* HStackWithFlexibleFrame.swift */; };
		DA6C35B02C512C1600B20E9F /* ZStackBadgeView.swift in Sources */ = {isa = PBXBuildFile; fileRef = DA6C35AF2C512C1600B20E9F /* ZStackBadgeView.swift */; };
		DA6C35B22C513B7D00B20E9F /* ZStack_.swift in Sources */ = {isa = PBXBuildFile; fileRef = DA6C35B12C513B7D00B20E9F /* ZStack_.swift */; };
		DA6C35B42C51400900B20E9F /* HStackWithZStack.swift in Sources */ = {isa = PBXBuildFile; fileRef = DA6C35B32C51400900B20E9F /* HStackWithZStack.swift */; };
		DA6C35B62C515E1C00B20E9F /* FlexibleFrame3.swift in Sources */ = {isa = PBXBuildFile; fileRef = DA6C35B52C515E1C00B20E9F /* FlexibleFrame3.swift */; };
		DA6C35B82C5162A600B20E9F /* HStack_EqualView.swift in Sources */ = {isa = PBXBuildFile; fileRef = DA6C35B72C5162A600B20E9F /* HStack_EqualView.swift */; };
		DA8536ED2C40F7080043DDD4 /* DebugLayout.swift in Sources */ = {isa = PBXBuildFile; fileRef = DA8536EC2C40F7080043DDD4 /* DebugLayout.swift */; };
		DA8536EF2C414B020043DDD4 /* TrapeziumShape.swift in Sources */ = {isa = PBXBuildFile; fileRef = DA8536EE2C414B020043DDD4 /* TrapeziumShape.swift */; };
		DA8799502C5FBDF200D31A97 /* AnimationWithNewModifieriOS17.swift in Sources */ = {isa = PBXBuildFile; fileRef = DA87994F2C5FBDF200D31A97 /* AnimationWithNewModifieriOS17.swift */; };
		DA8799522C5FC02900D31A97 /* NonViewSubtreeAnimatingCheck.swift in Sources */ = {isa = PBXBuildFile; fileRef = DA8799512C5FC02900D31A97 /* NonViewSubtreeAnimatingCheck.swift */; };
		DA8799542C5FC77500D31A97 /* ExplicitAnimation.swift in Sources */ = {isa = PBXBuildFile; fileRef = DA8799532C5FC77500D31A97 /* ExplicitAnimation.swift */; };
		DA8799562C5FC86200D31A97 /* BindingAnimation.swift in Sources */ = {isa = PBXBuildFile; fileRef = DA8799552C5FC86200D31A97 /* BindingAnimation.swift */; };
		DA8D42A92C52429000C955B6 /* Console.swift in Sources */ = {isa = PBXBuildFile; fileRef = DA8D42A82C52429000C955B6 /* Console.swift */; };
		DA8D42AB2C5243F700C955B6 /* ConsoleView.swift in Sources */ = {isa = PBXBuildFile; fileRef = DA8D42AA2C5243F700C955B6 /* ConsoleView.swift */; };
		DA8D42AD2C52488B00C955B6 /* ClearConsole.swift in Sources */ = {isa = PBXBuildFile; fileRef = DA8D42AC2C52488B00C955B6 /* ClearConsole.swift */; };
		DA8D42B02C524C1200C955B6 /* CGFloat+extension.swift in Sources */ = {isa = PBXBuildFile; fileRef = DA8D42AF2C524C1200C955B6 /* CGFloat+extension.swift */; };
		DA8D42B22C52844200C955B6 /* PracticeView.swift in Sources */ = {isa = PBXBuildFile; fileRef = DA8D42B12C52844200C955B6 /* PracticeView.swift */; };
		DA96326F2C58A648006069BB /* ReadFromEnvironment.swift in Sources */ = {isa = PBXBuildFile; fileRef = DA96326E2C58A648006069BB /* ReadFromEnvironment.swift */; };
		DA9632712C58AC4D006069BB /* BadgeWithEnvironment.swift in Sources */ = {isa = PBXBuildFile; fileRef = DA9632702C58AC4D006069BB /* BadgeWithEnvironment.swift */; };
		DA9632732C58B7C2006069BB /* CustomComponentStyle.swift in Sources */ = {isa = PBXBuildFile; fileRef = DA9632722C58B7C2006069BB /* CustomComponentStyle.swift */; };
		DA9B2ECD2C3EA2B8003BDF58 /* HowLayoutWorks.swift in Sources */ = {isa = PBXBuildFile; fileRef = DA9B2ECC2C3EA2B8003BDF58 /* HowLayoutWorks.swift */; };
		DA9B2ECF2C3EBC2D003BDF58 /* TextLeaf.swift in Sources */ = {isa = PBXBuildFile; fileRef = DA9B2ECE2C3EBC2D003BDF58 /* TextLeaf.swift */; };
		DA9D4E8E2BE3878A0058E063 /* LearnSwiftUIApp.swift in Sources */ = {isa = PBXBuildFile; fileRef = DA9D4E8D2BE3878A0058E063 /* LearnSwiftUIApp.swift */; };
		DA9D4E902BE3878A0058E063 /* StateObject_.swift in Sources */ = {isa = PBXBuildFile; fileRef = DA9D4E8F2BE3878A0058E063 /* StateObject_.swift */; };
		DA9D4E922BE3878B0058E063 /* Assets.xcassets in Resources */ = {isa = PBXBuildFile; fileRef = DA9D4E912BE3878B0058E063 /* Assets.xcassets */; };
		DA9D4E952BE3878B0058E063 /* Preview Assets.xcassets in Resources */ = {isa = PBXBuildFile; fileRef = DA9D4E942BE3878B0058E063 /* Preview Assets.xcassets */; };
		DAB46FB32C40058300024348 /* TextLeaf+fixedSize.swift in Sources */ = {isa = PBXBuildFile; fileRef = DAB46FB22C40058300024348 /* TextLeaf+fixedSize.swift */; };
		DAB46FB52C400A5C00024348 /* ShapeLeaf.swift in Sources */ = {isa = PBXBuildFile; fileRef = DAB46FB42C400A5C00024348 /* ShapeLeaf.swift */; };
		DAB665E92C75C45C00AFCC21 /* isContinuous.swift in Sources */ = {isa = PBXBuildFile; fileRef = DAB665E82C75C45C00AFCC21 /* isContinuous.swift */; };
		DAB665EB2C75C88500AFCC21 /* TransactionWithBinding.swift in Sources */ = {isa = PBXBuildFile; fileRef = DAB665EA2C75C88500AFCC21 /* TransactionWithBinding.swift */; };
		DAB665ED2C75CD1300AFCC21 /* SetTimingCurveFunction1.swift in Sources */ = {isa = PBXBuildFile; fileRef = DAB665EC2C75CD1300AFCC21 /* SetTimingCurveFunction1.swift */; };
		DAB665EF2C75CDDD00AFCC21 /* SetTimingCurveFunction2.swift in Sources */ = {isa = PBXBuildFile; fileRef = DAB665EE2C75CDDD00AFCC21 /* SetTimingCurveFunction2.swift */; };
		DAB665F62C75EB1C00AFCC21 /* WhatIsTransition.swift in Sources */ = {isa = PBXBuildFile; fileRef = DAB665F52C75EB1C00AFCC21 /* WhatIsTransition.swift */; };
		DACF83E82C706A7D006C941C /* TransitionExample1.swift in Sources */ = {isa = PBXBuildFile; fileRef = DACF83E72C706A7D006C941C /* TransitionExample1.swift */; };
		DACF83EA2C707E7E006C941C /* WithTransitionExample.swift in Sources */ = {isa = PBXBuildFile; fileRef = DACF83E92C707E7E006C941C /* WithTransitionExample.swift */; };
		DAD2B7512C5E2CED00C0F84E /* BreathingAppView.swift in Sources */ = {isa = PBXBuildFile; fileRef = DAD2B7502C5E2CED00C0F84E /* BreathingAppView.swift */; };
		DAD2B7542C5E7DC500C0F84E /* RecordPlayerBox.swift in Sources */ = {isa = PBXBuildFile; fileRef = DAD2B7532C5E7DC500C0F84E /* RecordPlayerBox.swift */; };
		DAD2B7562C5E80EB00C0F84E /* RecordButtonArmView.swift in Sources */ = {isa = PBXBuildFile; fileRef = DAD2B7552C5E80EB00C0F84E /* RecordButtonArmView.swift */; };
		DAD2B7582C5E8BCB00C0F84E /* PlaySound.swift in Sources */ = {isa = PBXBuildFile; fileRef = DAD2B7572C5E8BCB00C0F84E /* PlaySound.swift */; };
		DAD2B75B2C5E8D5300C0F84E /* RecordPlayerMainView.swift in Sources */ = {isa = PBXBuildFile; fileRef = DAD2B75A2C5E8D5300C0F84E /* RecordPlayerMainView.swift */; };
		DAD7588B2C5A87260033AA49 /* ContainerRelativeShaped.swift in Sources */ = {isa = PBXBuildFile; fileRef = DAD7588A2C5A87260033AA49 /* ContainerRelativeShaped.swift */; };
		DAE486EC2C61F55A001CAE7C /* OpacitiyAnimatable.swift in Sources */ = {isa = PBXBuildFile; fileRef = DAE486EB2C61F55A001CAE7C /* OpacitiyAnimatable.swift */; };
		DAE486EE2C62313F001CAE7C /* ImplicitTransaction.swift in Sources */ = {isa = PBXBuildFile; fileRef = DAE486ED2C62313F001CAE7C /* ImplicitTransaction.swift */; };
		DAE652772C562DC50056EBD2 /* PracticeAlignment5.swift in Sources */ = {isa = PBXBuildFile; fileRef = DAE652762C562DC50056EBD2 /* PracticeAlignment5.swift */; };
		DAE652792C5662E40056EBD2 /* AlignmentInWindow.swift in Sources */ = {isa = PBXBuildFile; fileRef = DAE652782C5662E40056EBD2 /* AlignmentInWindow.swift */; };
		DAE6527B2C567D470056EBD2 /* PracticeCustomAlignment.swift in Sources */ = {isa = PBXBuildFile; fileRef = DAE6527A2C567D470056EBD2 /* PracticeCustomAlignment.swift */; };
		DAE6527D2C5680640056EBD2 /* PracticeCustomAlignment2.swift in Sources */ = {isa = PBXBuildFile; fileRef = DAE6527C2C5680640056EBD2 /* PracticeCustomAlignment2.swift */; };
		DAF9060E2C54083900BA8B5A /* PracticeAlignment.swift in Sources */ = {isa = PBXBuildFile; fileRef = DAF9060D2C54083900BA8B5A /* PracticeAlignment.swift */; };
		DAFB7CA12C57D9FD008C311C /* ZStackAlignment.swift in Sources */ = {isa = PBXBuildFile; fileRef = DAFB7CA02C57D9FD008C311C /* ZStackAlignment.swift */; };
/* End PBXBuildFile section */

/* Begin PBXFileReference section */
		DA0035CC2C4AA8A500928C84 /* AspectRatio.swift */ = {isa = PBXFileReference; lastKnownFileType = sourcecode.swift; path = AspectRatio.swift; sourceTree = "<group>"; };
		DA0035CE2C4BF4B900928C84 /* LearnViewModifier2.swift */ = {isa = PBXFileReference; lastKnownFileType = sourcecode.swift; path = LearnViewModifier2.swift; sourceTree = "<group>"; };
		DA0035D12C4BFA0A00928C84 /* Padding1.swift */ = {isa = PBXFileReference; lastKnownFileType = sourcecode.swift; path = Padding1.swift; sourceTree = "<group>"; };
		DA0035D32C4C099600928C84 /* Padding2.swift */ = {isa = PBXFileReference; lastKnownFileType = sourcecode.swift; path = Padding2.swift; sourceTree = "<group>"; };
		DA0035D52C4C135400928C84 /* FixedFrame.swift */ = {isa = PBXFileReference; lastKnownFileType = sourcecode.swift; path = FixedFrame.swift; sourceTree = "<group>"; };
		DA0035D72C4CA53E00928C84 /* FlexibleFrame1.swift */ = {isa = PBXFileReference; lastKnownFileType = sourcecode.swift; path = FlexibleFrame1.swift; sourceTree = "<group>"; };
		DA0035D92C4CBAB400928C84 /* FlexibleFrame2.swift */ = {isa = PBXFileReference; lastKnownFileType = sourcecode.swift; path = FlexibleFrame2.swift; sourceTree = "<group>"; };
		DA0035DB2C4CCFC900928C84 /* FlexibleFrameWithIdealSize.swift */ = {isa = PBXFileReference; lastKnownFileType = sourcecode.swift; path = FlexibleFrameWithIdealSize.swift; sourceTree = "<group>"; };
		DA0035DD2C4CD23B00928C84 /* FlexibleFrameMaxWidth.swift */ = {isa = PBXFileReference; lastKnownFileType = sourcecode.swift; path = FlexibleFrameMaxWidth.swift; sourceTree = "<group>"; };
		DA0035DF2C4CD37C00928C84 /* FrameWithMinWidth.swift */ = {isa = PBXFileReference; lastKnownFileType = sourcecode.swift; path = FrameWithMinWidth.swift; sourceTree = "<group>"; };
		DA0035E12C4CD44000928C84 /* FlexibleFrameWithMinAndMaxWidth.swift */ = {isa = PBXFileReference; lastKnownFileType = sourcecode.swift; path = FlexibleFrameWithMinAndMaxWidth.swift; sourceTree = "<group>"; };
		DA0035E32C4CD81100928C84 /* FlexibleFrameExample.swift */ = {isa = PBXFileReference; lastKnownFileType = sourcecode.swift; path = FlexibleFrameExample.swift; sourceTree = "<group>"; };
		DA0035E52C4D157E00928C84 /* Background.swift */ = {isa = PBXFileReference; lastKnownFileType = sourcecode.swift; path = Background.swift; sourceTree = "<group>"; };
		DA0035E72C4D267500928C84 /* Overlay.swift */ = {isa = PBXFileReference; lastKnownFileType = sourcecode.swift; path = Overlay.swift; sourceTree = "<group>"; };
		DA1AD0CE2C771B35005AB822 /* CustomTransitionDemo.swift */ = {isa = PBXFileReference; lastKnownFileType = sourcecode.swift; path = CustomTransitionDemo.swift; sourceTree = "<group>"; };
		DA1AD0D02C772824005AB822 /* DIfferentTransitionBranch.swift */ = {isa = PBXFileReference; lastKnownFileType = sourcecode.swift; path = DIfferentTransitionBranch.swift; sourceTree = "<group>"; };
		DA1AD0D22C7741CB005AB822 /* ExplicitIdentifierAnimation.swift */ = {isa = PBXFileReference; lastKnownFileType = sourcecode.swift; path = ExplicitIdentifierAnimation.swift; sourceTree = "<group>"; };
		DA1AD0D42C77460C005AB822 /* TransactionWithIdModifier.swift */ = {isa = PBXFileReference; lastKnownFileType = sourcecode.swift; path = TransactionWithIdModifier.swift; sourceTree = "<group>"; };
		DA1AD0D62C776D8F005AB822 /* TransactionUnderstanding.swift */ = {isa = PBXFileReference; lastKnownFileType = sourcecode.swift; path = TransactionUnderstanding.swift; sourceTree = "<group>"; };
		DA26C5DE2C5B5B960062FAA5 /* FrameWidthAnimation.swift */ = {isa = PBXFileReference; lastKnownFileType = sourcecode.swift; path = FrameWidthAnimation.swift; sourceTree = "<group>"; };
		DA26C5E02C5B5ED10062FAA5 /* TransitionAnimationWithFrame.swift */ = {isa = PBXFileReference; lastKnownFileType = sourcecode.swift; path = TransitionAnimationWithFrame.swift; sourceTree = "<group>"; };
		DA26C5E22C5B63570062FAA5 /* ImplicitAnimation.swift */ = {isa = PBXFileReference; lastKnownFileType = sourcecode.swift; path = ImplicitAnimation.swift; sourceTree = "<group>"; };
		DA26C5E42C5B8B560062FAA5 /* AnimationWithBody.swift */ = {isa = PBXFileReference; lastKnownFileType = sourcecode.swift; path = AnimationWithBody.swift; sourceTree = "<group>"; };
		DA29FE202C4E1C3400428576 /* FixedSize.swift */ = {isa = PBXFileReference; lastKnownFileType = sourcecode.swift; path = FixedSize.swift; sourceTree = "<group>"; };
		DA29FE222C4E214E00428576 /* FixedSizeWithOverlayBadge.swift */ = {isa = PBXFileReference; lastKnownFileType = sourcecode.swift; path = FixedSizeWithOverlayBadge.swift; sourceTree = "<group>"; };
		DA29FE252C4E519800428576 /* HStack.swift */ = {isa = PBXFileReference; lastKnownFileType = sourcecode.swift; path = HStack.swift; sourceTree = "<group>"; };
		DA31C4E72C425792009EBB36 /* BorderShape.swift */ = {isa = PBXFileReference; lastKnownFileType = sourcecode.swift; path = BorderShape.swift; sourceTree = "<group>"; };
		DA31C4EA2C4294FC009EBB36 /* WhatIsColor.swift */ = {isa = PBXFileReference; lastKnownFileType = sourcecode.swift; path = WhatIsColor.swift; sourceTree = "<group>"; };
		DA31C4ED2C429A90009EBB36 /* WhatIsImage.swift */ = {isa = PBXFileReference; lastKnownFileType = sourcecode.swift; path = WhatIsImage.swift; sourceTree = "<group>"; };
		DA31C4F02C44F673009EBB36 /* LearnViewModifier1.swift */ = {isa = PBXFileReference; lastKnownFileType = sourcecode.swift; path = LearnViewModifier1.swift; sourceTree = "<group>"; };
		DA34F31B2C71E40B00171BFA /* AnimationWithoutValue.swift */ = {isa = PBXFileReference; lastKnownFileType = sourcecode.swift; path = AnimationWithoutValue.swift; sourceTree = "<group>"; };
		DA34F31D2C71E69100171BFA /* WithAnimation.swift */ = {isa = PBXFileReference; lastKnownFileType = sourcecode.swift; path = WithAnimation.swift; sourceTree = "<group>"; };
		DA34F31F2C71E7F800171BFA /* WithAnimatableSpecficDependency.swift */ = {isa = PBXFileReference; lastKnownFileType = sourcecode.swift; path = WithAnimatableSpecficDependency.swift; sourceTree = "<group>"; };
		DA34F3212C71E8CC00171BFA /* AnimatableWithSpecificDependency.swift */ = {isa = PBXFileReference; lastKnownFileType = sourcecode.swift; path = AnimatableWithSpecificDependency.swift; sourceTree = "<group>"; };
		DA34F3232C7240BA00171BFA /* WithAnimationDependencyMustBeExplicit.swift */ = {isa = PBXFileReference; lastKnownFileType = sourcecode.swift; path = WithAnimationDependencyMustBeExplicit.swift; sourceTree = "<group>"; };
		DA34F3252C7243B100171BFA /* AboutAnimatable.swift */ = {isa = PBXFileReference; lastKnownFileType = sourcecode.swift; path = AboutAnimatable.swift; sourceTree = "<group>"; };
		DA34F3272C725BDB00171BFA /* AnimatablePair.swift */ = {isa = PBXFileReference; lastKnownFileType = sourcecode.swift; path = AnimatablePair.swift; sourceTree = "<group>"; };
		DA34F3292C72621600171BFA /* DisableAnimation.swift */ = {isa = PBXFileReference; lastKnownFileType = sourcecode.swift; path = DisableAnimation.swift; sourceTree = "<group>"; };
		DA47C4F42C7C574A007B15D2 /* PhaseBasedAnimation.swift */ = {isa = PBXFileReference; lastKnownFileType = sourcecode.swift; path = PhaseBasedAnimation.swift; sourceTree = "<group>"; };
		DA47C4F72C7C6D2B007B15D2 /* GeoReader.swift */ = {isa = PBXFileReference; lastKnownFileType = sourcecode.swift; path = GeoReader.swift; sourceTree = "<group>"; };
		DA4A6AD92C612ED500AA1491 /* ShakeView.swift */ = {isa = PBXFileReference; lastKnownFileType = sourcecode.swift; path = ShakeView.swift; sourceTree = "<group>"; };
		DA4B6BC82C5CCD150060B0AB /* AnimationExample.swift */ = {isa = PBXFileReference; lastKnownFileType = sourcecode.swift; path = AnimationExample.swift; sourceTree = "<group>"; };
		DA4B6BCA2C5CD1930060B0AB /* OffsetAnimation.swift */ = {isa = PBXFileReference; lastKnownFileType = sourcecode.swift; path = OffsetAnimation.swift; sourceTree = "<group>"; };
		DA4B6BCC2C5CD4070060B0AB /* HueAnimation.swift */ = {isa = PBXFileReference; lastKnownFileType = sourcecode.swift; path = HueAnimation.swift; sourceTree = "<group>"; };
		DA4B6BCE2C5CD6C40060B0AB /* OpacityAnimation.swift */ = {isa = PBXFileReference; lastKnownFileType = sourcecode.swift; path = OpacityAnimation.swift; sourceTree = "<group>"; };
		DA4B6BD02C5CDF9F0060B0AB /* SystemShapeScalingAnimation.swift */ = {isa = PBXFileReference; lastKnownFileType = sourcecode.swift; path = SystemShapeScalingAnimation.swift; sourceTree = "<group>"; };
		DA4B6BD22C5CE25B0060B0AB /* ScalingWithAnchorPointAnimation.swift */ = {isa = PBXFileReference; lastKnownFileType = sourcecode.swift; path = ScalingWithAnchorPointAnimation.swift; sourceTree = "<group>"; };
		DA4B6BD42C5CE39D0060B0AB /* StrokeAnimation.swift */ = {isa = PBXFileReference; lastKnownFileType = sourcecode.swift; path = StrokeAnimation.swift; sourceTree = "<group>"; };
		DA4B6BD62C5CE6520060B0AB /* TrimModifierAnimation.swift */ = {isa = PBXFileReference; lastKnownFileType = sourcecode.swift; path = TrimModifierAnimation.swift; sourceTree = "<group>"; };
		DA4B6BD82C5CEC0C0060B0AB /* AnimateCornerRadius.swift */ = {isa = PBXFileReference; lastKnownFileType = sourcecode.swift; path = AnimateCornerRadius.swift; sourceTree = "<group>"; };
		DA6073162C54BEEE008D718A /* PracticeAlignmentGuide2.swift */ = {isa = PBXFileReference; lastKnownFileType = sourcecode.swift; path = PracticeAlignmentGuide2.swift; sourceTree = "<group>"; };
		DA6073182C54E837008D718A /* PracticeAlignmentGuide3.swift */ = {isa = PBXFileReference; lastKnownFileType = sourcecode.swift; path = PracticeAlignmentGuide3.swift; sourceTree = "<group>"; };
		DA60731A2C54FA67008D718A /* PracticeAlignment4.swift */ = {isa = PBXFileReference; lastKnownFileType = sourcecode.swift; path = PracticeAlignment4.swift; sourceTree = "<group>"; };
		DA63A5752C38F9CC003EBB4B /* LearnViewBuilder.swift */ = {isa = PBXFileReference; lastKnownFileType = sourcecode.swift; path = LearnViewBuilder.swift; sourceTree = "<group>"; };
		DA63A5772C390D7D003EBB4B /* LearnViewBuilder2.swift */ = {isa = PBXFileReference; lastKnownFileType = sourcecode.swift; path = LearnViewBuilder2.swift; sourceTree = "<group>"; };
		DA63A5792C393EDA003EBB4B /* LearnGroup.swift */ = {isa = PBXFileReference; lastKnownFileType = sourcecode.swift; path = LearnGroup.swift; sourceTree = "<group>"; };
		DA63A57B2C3967FC003EBB4B /* DynamicContent.swift */ = {isa = PBXFileReference; lastKnownFileType = sourcecode.swift; path = DynamicContent.swift; sourceTree = "<group>"; };
		DA63A57D2C39726A003EBB4B /* OnAppear.swift */ = {isa = PBXFileReference; lastKnownFileType = sourcecode.swift; path = OnAppear.swift; sourceTree = "<group>"; };
		DA63A57F2C399A67003EBB4B /* UnderstandViewBuilder.swift */ = {isa = PBXFileReference; lastKnownFileType = sourcecode.swift; path = UnderstandViewBuilder.swift; sourceTree = "<group>"; };
		DA63A5822C3C15C0003EBB4B /* WhatIsAView.swift */ = {isa = PBXFileReference; lastKnownFileType = sourcecode.swift; path = WhatIsAView.swift; sourceTree = "<group>"; };
		DA6C35AD2C5112EA00B20E9F /* HStackWithFlexibleFrame.swift */ = {isa = PBXFileReference; lastKnownFileType = sourcecode.swift; path = HStackWithFlexibleFrame.swift; sourceTree = "<group>"; };
		DA6C35AF2C512C1600B20E9F /* ZStackBadgeView.swift */ = {isa = PBXFileReference; lastKnownFileType = sourcecode.swift; path = ZStackBadgeView.swift; sourceTree = "<group>"; };
		DA6C35B12C513B7D00B20E9F /* ZStack_.swift */ = {isa = PBXFileReference; lastKnownFileType = sourcecode.swift; path = ZStack_.swift; sourceTree = "<group>"; };
		DA6C35B32C51400900B20E9F /* HStackWithZStack.swift */ = {isa = PBXFileReference; lastKnownFileType = sourcecode.swift; path = HStackWithZStack.swift; sourceTree = "<group>"; };
		DA6C35B52C515E1C00B20E9F /* FlexibleFrame3.swift */ = {isa = PBXFileReference; lastKnownFileType = sourcecode.swift; path = FlexibleFrame3.swift; sourceTree = "<group>"; };
		DA6C35B72C5162A600B20E9F /* HStack_EqualView.swift */ = {isa = PBXFileReference; lastKnownFileType = sourcecode.swift; path = HStack_EqualView.swift; sourceTree = "<group>"; };
		DA8536EC2C40F7080043DDD4 /* DebugLayout.swift */ = {isa = PBXFileReference; lastKnownFileType = sourcecode.swift; path = DebugLayout.swift; sourceTree = "<group>"; };
		DA8536EE2C414B020043DDD4 /* TrapeziumShape.swift */ = {isa = PBXFileReference; lastKnownFileType = sourcecode.swift; path = TrapeziumShape.swift; sourceTree = "<group>"; };
		DA87994F2C5FBDF200D31A97 /* AnimationWithNewModifieriOS17.swift */ = {isa = PBXFileReference; lastKnownFileType = sourcecode.swift; path = AnimationWithNewModifieriOS17.swift; sourceTree = "<group>"; };
		DA8799512C5FC02900D31A97 /* NonViewSubtreeAnimatingCheck.swift */ = {isa = PBXFileReference; lastKnownFileType = sourcecode.swift; path = NonViewSubtreeAnimatingCheck.swift; sourceTree = "<group>"; };
		DA8799532C5FC77500D31A97 /* ExplicitAnimation.swift */ = {isa = PBXFileReference; lastKnownFileType = sourcecode.swift; path = ExplicitAnimation.swift; sourceTree = "<group>"; };
		DA8799552C5FC86200D31A97 /* BindingAnimation.swift */ = {isa = PBXFileReference; lastKnownFileType = sourcecode.swift; path = BindingAnimation.swift; sourceTree = "<group>"; };
		DA8D42A82C52429000C955B6 /* Console.swift */ = {isa = PBXFileReference; lastKnownFileType = sourcecode.swift; path = Console.swift; sourceTree = "<group>"; };
		DA8D42AA2C5243F700C955B6 /* ConsoleView.swift */ = {isa = PBXFileReference; lastKnownFileType = sourcecode.swift; path = ConsoleView.swift; sourceTree = "<group>"; };
		DA8D42AC2C52488B00C955B6 /* ClearConsole.swift */ = {isa = PBXFileReference; lastKnownFileType = sourcecode.swift; path = ClearConsole.swift; sourceTree = "<group>"; };
		DA8D42AF2C524C1200C955B6 /* CGFloat+extension.swift */ = {isa = PBXFileReference; lastKnownFileType = sourcecode.swift; path = "CGFloat+extension.swift"; sourceTree = "<group>"; };
		DA8D42B12C52844200C955B6 /* PracticeView.swift */ = {isa = PBXFileReference; lastKnownFileType = sourcecode.swift; path = PracticeView.swift; sourceTree = "<group>"; };
		DA96326E2C58A648006069BB /* ReadFromEnvironment.swift */ = {isa = PBXFileReference; lastKnownFileType = sourcecode.swift; path = ReadFromEnvironment.swift; sourceTree = "<group>"; };
		DA9632702C58AC4D006069BB /* BadgeWithEnvironment.swift */ = {isa = PBXFileReference; lastKnownFileType = sourcecode.swift; path = BadgeWithEnvironment.swift; sourceTree = "<group>"; };
		DA9632722C58B7C2006069BB /* CustomComponentStyle.swift */ = {isa = PBXFileReference; lastKnownFileType = sourcecode.swift; path = CustomComponentStyle.swift; sourceTree = "<group>"; };
		DA9B2ECC2C3EA2B8003BDF58 /* HowLayoutWorks.swift */ = {isa = PBXFileReference; lastKnownFileType = sourcecode.swift; path = HowLayoutWorks.swift; sourceTree = "<group>"; };
		DA9B2ECE2C3EBC2D003BDF58 /* TextLeaf.swift */ = {isa = PBXFileReference; lastKnownFileType = sourcecode.swift; path = TextLeaf.swift; sourceTree = "<group>"; };
		DA9D4E8A2BE3878A0058E063 /* LearnSwiftUI.app */ = {isa = PBXFileReference; explicitFileType = wrapper.application; includeInIndex = 0; path = LearnSwiftUI.app; sourceTree = BUILT_PRODUCTS_DIR; };
		DA9D4E8D2BE3878A0058E063 /* LearnSwiftUIApp.swift */ = {isa = PBXFileReference; lastKnownFileType = sourcecode.swift; path = LearnSwiftUIApp.swift; sourceTree = "<group>"; };
		DA9D4E8F2BE3878A0058E063 /* StateObject_.swift */ = {isa = PBXFileReference; lastKnownFileType = sourcecode.swift; path = StateObject_.swift; sourceTree = "<group>"; };
		DA9D4E912BE3878B0058E063 /* Assets.xcassets */ = {isa = PBXFileReference; lastKnownFileType = folder.assetcatalog; path = Assets.xcassets; sourceTree = "<group>"; };
		DA9D4E942BE3878B0058E063 /* Preview Assets.xcassets */ = {isa = PBXFileReference; lastKnownFileType = folder.assetcatalog; path = "Preview Assets.xcassets"; sourceTree = "<group>"; };
		DAB46FB22C40058300024348 /* TextLeaf+fixedSize.swift */ = {isa = PBXFileReference; lastKnownFileType = sourcecode.swift; path = "TextLeaf+fixedSize.swift"; sourceTree = "<group>"; };
		DAB46FB42C400A5C00024348 /* ShapeLeaf.swift */ = {isa = PBXFileReference; lastKnownFileType = sourcecode.swift; path = ShapeLeaf.swift; sourceTree = "<group>"; };
		DAB665E82C75C45C00AFCC21 /* isContinuous.swift */ = {isa = PBXFileReference; lastKnownFileType = sourcecode.swift; path = isContinuous.swift; sourceTree = "<group>"; };
		DAB665EA2C75C88500AFCC21 /* TransactionWithBinding.swift */ = {isa = PBXFileReference; lastKnownFileType = sourcecode.swift; path = TransactionWithBinding.swift; sourceTree = "<group>"; };
		DAB665EC2C75CD1300AFCC21 /* SetTimingCurveFunction1.swift */ = {isa = PBXFileReference; lastKnownFileType = sourcecode.swift; path = SetTimingCurveFunction1.swift; sourceTree = "<group>"; };
		DAB665EE2C75CDDD00AFCC21 /* SetTimingCurveFunction2.swift */ = {isa = PBXFileReference; lastKnownFileType = sourcecode.swift; path = SetTimingCurveFunction2.swift; sourceTree = "<group>"; };
		DAB665F52C75EB1C00AFCC21 /* WhatIsTransition.swift */ = {isa = PBXFileReference; lastKnownFileType = sourcecode.swift; path = WhatIsTransition.swift; sourceTree = "<group>"; };
		DACF83E72C706A7D006C941C /* TransitionExample1.swift */ = {isa = PBXFileReference; lastKnownFileType = sourcecode.swift; path = TransitionExample1.swift; sourceTree = "<group>"; };
		DACF83E92C707E7E006C941C /* WithTransitionExample.swift */ = {isa = PBXFileReference; lastKnownFileType = sourcecode.swift; path = WithTransitionExample.swift; sourceTree = "<group>"; };
		DAD2B7502C5E2CED00C0F84E /* BreathingAppView.swift */ = {isa = PBXFileReference; lastKnownFileType = sourcecode.swift; path = BreathingAppView.swift; sourceTree = "<group>"; };
		DAD2B7532C5E7DC500C0F84E /* RecordPlayerBox.swift */ = {isa = PBXFileReference; lastKnownFileType = sourcecode.swift; path = RecordPlayerBox.swift; sourceTree = "<group>"; };
		DAD2B7552C5E80EB00C0F84E /* RecordButtonArmView.swift */ = {isa = PBXFileReference; lastKnownFileType = sourcecode.swift; path = RecordButtonArmView.swift; sourceTree = "<group>"; };
		DAD2B7572C5E8BCB00C0F84E /* PlaySound.swift */ = {isa = PBXFileReference; lastKnownFileType = sourcecode.swift; path = PlaySound.swift; sourceTree = "<group>"; };
		DAD2B7592C5E8D2D00C0F84E /* music.m4a */ = {isa = PBXFileReference; lastKnownFileType = file; path = music.m4a; sourceTree = "<group>"; };
		DAD2B75A2C5E8D5300C0F84E /* RecordPlayerMainView.swift */ = {isa = PBXFileReference; lastKnownFileType = sourcecode.swift; path = RecordPlayerMainView.swift; sourceTree = "<group>"; };
		DAD7588A2C5A87260033AA49 /* ContainerRelativeShaped.swift */ = {isa = PBXFileReference; lastKnownFileType = sourcecode.swift; path = ContainerRelativeShaped.swift; sourceTree = "<group>"; };
		DAE486EB2C61F55A001CAE7C /* OpacitiyAnimatable.swift */ = {isa = PBXFileReference; lastKnownFileType = sourcecode.swift; path = OpacitiyAnimatable.swift; sourceTree = "<group>"; };
		DAE486ED2C62313F001CAE7C /* ImplicitTransaction.swift */ = {isa = PBXFileReference; lastKnownFileType = sourcecode.swift; path = ImplicitTransaction.swift; sourceTree = "<group>"; };
		DAE652762C562DC50056EBD2 /* PracticeAlignment5.swift */ = {isa = PBXFileReference; lastKnownFileType = sourcecode.swift; path = PracticeAlignment5.swift; sourceTree = "<group>"; };
		DAE652782C5662E40056EBD2 /* AlignmentInWindow.swift */ = {isa = PBXFileReference; lastKnownFileType = sourcecode.swift; path = AlignmentInWindow.swift; sourceTree = "<group>"; };
		DAE6527A2C567D470056EBD2 /* PracticeCustomAlignment.swift */ = {isa = PBXFileReference; lastKnownFileType = sourcecode.swift; path = PracticeCustomAlignment.swift; sourceTree = "<group>"; };
		DAE6527C2C5680640056EBD2 /* PracticeCustomAlignment2.swift */ = {isa = PBXFileReference; lastKnownFileType = sourcecode.swift; path = PracticeCustomAlignment2.swift; sourceTree = "<group>"; };
		DAF9060D2C54083900BA8B5A /* PracticeAlignment.swift */ = {isa = PBXFileReference; lastKnownFileType = sourcecode.swift; path = PracticeAlignment.swift; sourceTree = "<group>"; };
		DAFB7CA02C57D9FD008C311C /* ZStackAlignment.swift */ = {isa = PBXFileReference; lastKnownFileType = sourcecode.swift; path = ZStackAlignment.swift; sourceTree = "<group>"; };
/* End PBXFileReference section */

/* Begin PBXFrameworksBuildPhase section */
		DA9D4E872BE3878A0058E063 /* Frameworks */ = {
			isa = PBXFrameworksBuildPhase;
			buildActionMask = 2147483647;
			files = (
			);
			runOnlyForDeploymentPostprocessing = 0;
		};
/* End PBXFrameworksBuildPhase section */

/* Begin PBXGroup section */
		DA0035CB2C4AA89900928C84 /* ViewModifier */ = {
			isa = PBXGroup;
			children = (
				DA0035CC2C4AA8A500928C84 /* AspectRatio.swift */,
				DA0035E52C4D157E00928C84 /* Background.swift */,
				DA0035E72C4D267500928C84 /* Overlay.swift */,
				DA0035D72C4CA53E00928C84 /* FlexibleFrame1.swift */,
				DA6C35B52C515E1C00B20E9F /* FlexibleFrame3.swift */,
				DA0035D92C4CBAB400928C84 /* FlexibleFrame2.swift */,
				DA0035DB2C4CCFC900928C84 /* FlexibleFrameWithIdealSize.swift */,
				DA29FE202C4E1C3400428576 /* FixedSize.swift */,
				DA29FE222C4E214E00428576 /* FixedSizeWithOverlayBadge.swift */,
				DA0035DD2C4CD23B00928C84 /* FlexibleFrameMaxWidth.swift */,
				DA0035DF2C4CD37C00928C84 /* FrameWithMinWidth.swift */,
				DA0035E32C4CD81100928C84 /* FlexibleFrameExample.swift */,
				DA0035E12C4CD44000928C84 /* FlexibleFrameWithMinAndMaxWidth.swift */,
				DA0035D12C4BFA0A00928C84 /* Padding1.swift */,
				DA0035D32C4C099600928C84 /* Padding2.swift */,
				DA0035D52C4C135400928C84 /* FixedFrame.swift */,
			);
			path = ViewModifier;
			sourceTree = "<group>";
		};
		DA26C5DD2C5B5B860062FAA5 /* Animation */ = {
			isa = PBXGroup;
			children = (
				DA47C4F32C7C5707007B15D2 /* Phase Animator */,
				DAB665F32C75EAB800AFCC21 /* Transition */,
				DA34F31A2C71E39E00171BFA /* AnimationDemo */,
				DA4A6AD92C612ED500AA1491 /* ShakeView.swift */,
				DA26C5DE2C5B5B960062FAA5 /* FrameWidthAnimation.swift */,
				DA26C5E02C5B5ED10062FAA5 /* TransitionAnimationWithFrame.swift */,
				DACF83E92C707E7E006C941C /* WithTransitionExample.swift */,
				DA4B6BCA2C5CD1930060B0AB /* OffsetAnimation.swift */,
				DA4B6BCC2C5CD4070060B0AB /* HueAnimation.swift */,
				DA4B6BD82C5CEC0C0060B0AB /* AnimateCornerRadius.swift */,
				DA4B6BCE2C5CD6C40060B0AB /* OpacityAnimation.swift */,
				DA4B6BD02C5CDF9F0060B0AB /* SystemShapeScalingAnimation.swift */,
				DA8799552C5FC86200D31A97 /* BindingAnimation.swift */,
				DA8799532C5FC77500D31A97 /* ExplicitAnimation.swift */,
				DA4B6BD62C5CE6520060B0AB /* TrimModifierAnimation.swift */,
				DA4B6BD22C5CE25B0060B0AB /* ScalingWithAnchorPointAnimation.swift */,
				DA8799512C5FC02900D31A97 /* NonViewSubtreeAnimatingCheck.swift */,
				DA4B6BD42C5CE39D0060B0AB /* StrokeAnimation.swift */,
				DA26C5E42C5B8B560062FAA5 /* AnimationWithBody.swift */,
				DA26C5E22C5B63570062FAA5 /* ImplicitAnimation.swift */,
				DA4B6BC82C5CCD150060B0AB /* AnimationExample.swift */,
				DA87994F2C5FBDF200D31A97 /* AnimationWithNewModifieriOS17.swift */,
				DAE486EB2C61F55A001CAE7C /* OpacitiyAnimatable.swift */,
				DAE486ED2C62313F001CAE7C /* ImplicitTransaction.swift */,
			);
			path = Animation;
			sourceTree = "<group>";
		};
		DA29FE242C4E518B00428576 /* Container */ = {
			isa = PBXGroup;
			children = (
				DA29FE252C4E519800428576 /* HStack.swift */,
				DA6C35B72C5162A600B20E9F /* HStack_EqualView.swift */,
				DA6C35AD2C5112EA00B20E9F /* HStackWithFlexibleFrame.swift */,
				DA6C35B32C51400900B20E9F /* HStackWithZStack.swift */,
				DA6C35AF2C512C1600B20E9F /* ZStackBadgeView.swift */,
				DA6C35B12C513B7D00B20E9F /* ZStack_.swift */,
			);
			path = Container;
			sourceTree = "<group>";
		};
		DA31C4E92C4294E0009EBB36 /* Color */ = {
			isa = PBXGroup;
			children = (
				DA31C4EA2C4294FC009EBB36 /* WhatIsColor.swift */,
			);
			path = Color;
			sourceTree = "<group>";
		};
		DA31C4EC2C429A82009EBB36 /* Image */ = {
			isa = PBXGroup;
			children = (
				DA31C4ED2C429A90009EBB36 /* WhatIsImage.swift */,
			);
			path = Image;
			sourceTree = "<group>";
		};
		DA31C4EF2C44F66A009EBB36 /* Practice */ = {
			isa = PBXGroup;
			children = (
				DA31C4F02C44F673009EBB36 /* LearnViewModifier1.swift */,
				DA0035CE2C4BF4B900928C84 /* LearnViewModifier2.swift */,
			);
			path = Practice;
			sourceTree = "<group>";
		};
		DA34F31A2C71E39E00171BFA /* AnimationDemo */ = {
			isa = PBXGroup;
			children = (
				DA34F31B2C71E40B00171BFA /* AnimationWithoutValue.swift */,
				DA34F3232C7240BA00171BFA /* WithAnimationDependencyMustBeExplicit.swift */,
				DA34F31D2C71E69100171BFA /* WithAnimation.swift */,
				DA34F3212C71E8CC00171BFA /* AnimatableWithSpecificDependency.swift */,
				DA34F31F2C71E7F800171BFA /* WithAnimatableSpecficDependency.swift */,
				DA34F3252C7243B100171BFA /* AboutAnimatable.swift */,
				DA34F3272C725BDB00171BFA /* AnimatablePair.swift */,
				DA34F3292C72621600171BFA /* DisableAnimation.swift */,
				DAB665E82C75C45C00AFCC21 /* isContinuous.swift */,
				DAB665EA2C75C88500AFCC21 /* TransactionWithBinding.swift */,
				DAB665EC2C75CD1300AFCC21 /* SetTimingCurveFunction1.swift */,
				DAB665EE2C75CDDD00AFCC21 /* SetTimingCurveFunction2.swift */,
				DA1AD0D62C776D8F005AB822 /* TransactionUnderstanding.swift */,
			);
			path = AnimationDemo;
			sourceTree = "<group>";
		};
		DA47C4F32C7C5707007B15D2 /* Phase Animator */ = {
			isa = PBXGroup;
			children = (
				DA47C4F42C7C574A007B15D2 /* PhaseBasedAnimation.swift */,
			);
			path = "Phase Animator";
			sourceTree = "<group>";
		};
		DA47C4F62C7C6D15007B15D2 /* GeometeryReader */ = {
			isa = PBXGroup;
			children = (
				DA47C4F72C7C6D2B007B15D2 /* GeoReader.swift */,
			);
			path = GeometeryReader;
			sourceTree = "<group>";
		};
		DA63A5812C3C1583003EBB4B /* View */ = {
			isa = PBXGroup;
			children = (
				DA31C4EC2C429A82009EBB36 /* Image */,
				DA31C4E92C4294E0009EBB36 /* Color */,
				DAB46FB62C40197400024348 /* Shape */,
				DA63A5822C3C15C0003EBB4B /* WhatIsAView.swift */,
				DA9B2ECC2C3EA2B8003BDF58 /* HowLayoutWorks.swift */,
				DA9B2ECE2C3EBC2D003BDF58 /* TextLeaf.swift */,
				DAB46FB22C40058300024348 /* TextLeaf+fixedSize.swift */,
				DAB46FB42C400A5C00024348 /* ShapeLeaf.swift */,
			);
			path = View;
			sourceTree = "<group>";
		};
		DA8536EB2C40F6F20043DDD4 /* Debugging */ = {
			isa = PBXGroup;
			children = (
				DA8536EC2C40F7080043DDD4 /* DebugLayout.swift */,
				DA8D42AC2C52488B00C955B6 /* ClearConsole.swift */,
				DA8D42A82C52429000C955B6 /* Console.swift */,
				DA8D42AA2C5243F700C955B6 /* ConsoleView.swift */,
			);
			path = Debugging;
			sourceTree = "<group>";
		};
		DA8D42AE2C524C0900C955B6 /* Helper */ = {
			isa = PBXGroup;
			children = (
				DA8D42AF2C524C1200C955B6 /* CGFloat+extension.swift */,
			);
			path = Helper;
			sourceTree = "<group>";
		};
		DA96326D2C58A637006069BB /* Environment */ = {
			isa = PBXGroup;
			children = (
				DA96326E2C58A648006069BB /* ReadFromEnvironment.swift */,
				DA9632702C58AC4D006069BB /* BadgeWithEnvironment.swift */,
				DA9632722C58B7C2006069BB /* CustomComponentStyle.swift */,
			);
			path = Environment;
			sourceTree = "<group>";
		};
		DA9D4E812BE3878A0058E063 = {
			isa = PBXGroup;
			children = (
				DA9D4E8C2BE3878A0058E063 /* LearnSwiftUI */,
				DA9D4E8B2BE3878A0058E063 /* Products */,
			);
			sourceTree = "<group>";
		};
		DA9D4E8B2BE3878A0058E063 /* Products */ = {
			isa = PBXGroup;
			children = (
				DA9D4E8A2BE3878A0058E063 /* LearnSwiftUI.app */,
			);
			name = Products;
			sourceTree = "<group>";
		};
		DA9D4E8C2BE3878A0058E063 /* LearnSwiftUI */ = {
			isa = PBXGroup;
			children = (
				DA47C4F62C7C6D15007B15D2 /* GeometeryReader */,
				DACF83E62C706A6F006C941C /* Transition */,
				DAD2B7522C5E7C8400C0F84E /* RecordPlayer */,
				DAD2B74F2C5E2CDF00C0F84E /* BreathingApp */,
				DA26C5DD2C5B5B860062FAA5 /* Animation */,
				DA96326D2C58A637006069BB /* Environment */,
				DAFB7C9F2C57D9E9008C311C /* ZStack */,
				DAF9060C2C54082500BA8B5A /* Alignment */,
				DA8D42B12C52844200C955B6 /* PracticeView.swift */,
				DA8D42AE2C524C0900C955B6 /* Helper */,
				DA29FE242C4E518B00428576 /* Container */,
				DA0035CB2C4AA89900928C84 /* ViewModifier */,
				DA31C4EF2C44F66A009EBB36 /* Practice */,
				DA8536EB2C40F6F20043DDD4 /* Debugging */,
				DA63A5812C3C1583003EBB4B /* View */,
				DA9D4E8D2BE3878A0058E063 /* LearnSwiftUIApp.swift */,
				DA63A5752C38F9CC003EBB4B /* LearnViewBuilder.swift */,
				DA63A5772C390D7D003EBB4B /* LearnViewBuilder2.swift */,
				DA63A5792C393EDA003EBB4B /* LearnGroup.swift */,
				DA63A57B2C3967FC003EBB4B /* DynamicContent.swift */,
				DA63A57D2C39726A003EBB4B /* OnAppear.swift */,
				DA63A57F2C399A67003EBB4B /* UnderstandViewBuilder.swift */,
				DA9D4E8F2BE3878A0058E063 /* StateObject_.swift */,
				DA9D4E912BE3878B0058E063 /* Assets.xcassets */,
				DA9D4E932BE3878B0058E063 /* Preview Content */,
			);
			path = LearnSwiftUI;
			sourceTree = "<group>";
		};
		DA9D4E932BE3878B0058E063 /* Preview Content */ = {
			isa = PBXGroup;
			children = (
				DA9D4E942BE3878B0058E063 /* Preview Assets.xcassets */,
			);
			path = "Preview Content";
			sourceTree = "<group>";
		};
		DAB46FB62C40197400024348 /* Shape */ = {
			isa = PBXGroup;
			children = (
				DA8536EE2C414B020043DDD4 /* TrapeziumShape.swift */,
				DA31C4E72C425792009EBB36 /* BorderShape.swift */,
				DAD7588A2C5A87260033AA49 /* ContainerRelativeShaped.swift */,
			);
			path = Shape;
			sourceTree = "<group>";
		};
		DAB665F32C75EAB800AFCC21 /* Transition */ = {
			isa = PBXGroup;
			children = (
				DAB665F52C75EB1C00AFCC21 /* WhatIsTransition.swift */,
				DA1AD0CE2C771B35005AB822 /* CustomTransitionDemo.swift */,
				DA1AD0D22C7741CB005AB822 /* ExplicitIdentifierAnimation.swift */,
				DA1AD0D42C77460C005AB822 /* TransactionWithIdModifier.swift */,
				DA1AD0D02C772824005AB822 /* DIfferentTransitionBranch.swift */,
			);
			path = Transition;
			sourceTree = "<group>";
		};
		DACF83E62C706A6F006C941C /* Transition */ = {
			isa = PBXGroup;
			children = (
				DACF83E72C706A7D006C941C /* TransitionExample1.swift */,
			);
			path = Transition;
			sourceTree = "<group>";
		};
		DAD2B74F2C5E2CDF00C0F84E /* BreathingApp */ = {
			isa = PBXGroup;
			children = (
				DAD2B7502C5E2CED00C0F84E /* BreathingAppView.swift */,
			);
			path = BreathingApp;
			sourceTree = "<group>";
		};
		DAD2B7522C5E7C8400C0F84E /* RecordPlayer */ = {
			isa = PBXGroup;
			children = (
				DAD2B7532C5E7DC500C0F84E /* RecordPlayerBox.swift */,
				DAD2B7592C5E8D2D00C0F84E /* music.m4a */,
				DAD2B7572C5E8BCB00C0F84E /* PlaySound.swift */,
				DAD2B7552C5E80EB00C0F84E /* RecordButtonArmView.swift */,
				DAD2B75A2C5E8D5300C0F84E /* RecordPlayerMainView.swift */,
			);
			path = RecordPlayer;
			sourceTree = "<group>";
		};
		DAF9060C2C54082500BA8B5A /* Alignment */ = {
			isa = PBXGroup;
			children = (
				DAF9060D2C54083900BA8B5A /* PracticeAlignment.swift */,
				DA6073182C54E837008D718A /* PracticeAlignmentGuide3.swift */,
				DA60731A2C54FA67008D718A /* PracticeAlignment4.swift */,
				DA6073162C54BEEE008D718A /* PracticeAlignmentGuide2.swift */,
				DAE6527A2C567D470056EBD2 /* PracticeCustomAlignment.swift */,
				DAE6527C2C5680640056EBD2 /* PracticeCustomAlignment2.swift */,
				DAE652762C562DC50056EBD2 /* PracticeAlignment5.swift */,
				DAE652782C5662E40056EBD2 /* AlignmentInWindow.swift */,
			);
			path = Alignment;
			sourceTree = "<group>";
		};
		DAFB7C9F2C57D9E9008C311C /* ZStack */ = {
			isa = PBXGroup;
			children = (
				DAFB7CA02C57D9FD008C311C /* ZStackAlignment.swift */,
			);
			path = ZStack;
			sourceTree = "<group>";
		};
/* End PBXGroup section */

/* Begin PBXNativeTarget section */
		DA9D4E892BE3878A0058E063 /* LearnSwiftUI */ = {
			isa = PBXNativeTarget;
			buildConfigurationList = DA9D4E982BE3878B0058E063 /* Build configuration list for PBXNativeTarget "LearnSwiftUI" */;
			buildPhases = (
				DA9D4E862BE3878A0058E063 /* Sources */,
				DA9D4E872BE3878A0058E063 /* Frameworks */,
				DA9D4E882BE3878A0058E063 /* Resources */,
			);
			buildRules = (
			);
			dependencies = (
			);
			name = LearnSwiftUI;
			productName = LearnSwiftUI;
			productReference = DA9D4E8A2BE3878A0058E063 /* LearnSwiftUI.app */;
			productType = "com.apple.product-type.application";
		};
/* End PBXNativeTarget section */

/* Begin PBXProject section */
		DA9D4E822BE3878A0058E063 /* Project object */ = {
			isa = PBXProject;
			attributes = {
				BuildIndependentTargetsInParallel = 1;
				LastSwiftUpdateCheck = 1430;
				LastUpgradeCheck = 1430;
				TargetAttributes = {
					DA9D4E892BE3878A0058E063 = {
						CreatedOnToolsVersion = 14.3.1;
					};
				};
			};
			buildConfigurationList = DA9D4E852BE3878A0058E063 /* Build configuration list for PBXProject "LearnSwiftUI" */;
			compatibilityVersion = "Xcode 14.0";
			developmentRegion = en;
			hasScannedForEncodings = 0;
			knownRegions = (
				en,
				Base,
			);
			mainGroup = DA9D4E812BE3878A0058E063;
			productRefGroup = DA9D4E8B2BE3878A0058E063 /* Products */;
			projectDirPath = "";
			projectRoot = "";
			targets = (
				DA9D4E892BE3878A0058E063 /* LearnSwiftUI */,
			);
		};
/* End PBXProject section */

/* Begin PBXResourcesBuildPhase section */
		DA9D4E882BE3878A0058E063 /* Resources */ = {
			isa = PBXResourcesBuildPhase;
			buildActionMask = 2147483647;
			files = (
				DA9D4E952BE3878B0058E063 /* Preview Assets.xcassets in Resources */,
				DA9D4E922BE3878B0058E063 /* Assets.xcassets in Resources */,
			);
			runOnlyForDeploymentPostprocessing = 0;
		};
/* End PBXResourcesBuildPhase section */

/* Begin PBXSourcesBuildPhase section */
		DA9D4E862BE3878A0058E063 /* Sources */ = {
			isa = PBXSourcesBuildPhase;
			buildActionMask = 2147483647;
			files = (
				DA4B6BCD2C5CD4070060B0AB /* HueAnimation.swift in Sources */,
				DA4B6BD72C5CE6520060B0AB /* TrimModifierAnimation.swift in Sources */,
				DAE486EE2C62313F001CAE7C /* ImplicitTransaction.swift in Sources */,
				DA8799562C5FC86200D31A97 /* BindingAnimation.swift in Sources */,
				DAE486EC2C61F55A001CAE7C /* OpacitiyAnimatable.swift in Sources */,
				DAD2B7562C5E80EB00C0F84E /* RecordButtonArmView.swift in Sources */,
				DA8536EF2C414B020043DDD4 /* TrapeziumShape.swift in Sources */,
				DAB665EF2C75CDDD00AFCC21 /* SetTimingCurveFunction2.swift in Sources */,
				DA29FE212C4E1C3400428576 /* FixedSize.swift in Sources */,
				DA0035DC2C4CCFC900928C84 /* FlexibleFrameWithIdealSize.swift in Sources */,
				DA6C35B62C515E1C00B20E9F /* FlexibleFrame3.swift in Sources */,
				DA6C35B42C51400900B20E9F /* HStackWithZStack.swift in Sources */,
				DA4B6BD32C5CE25B0060B0AB /* ScalingWithAnchorPointAnimation.swift in Sources */,
				DA31C4EE2C429A90009EBB36 /* WhatIsImage.swift in Sources */,
				DA8536ED2C40F7080043DDD4 /* DebugLayout.swift in Sources */,
				DAE652792C5662E40056EBD2 /* AlignmentInWindow.swift in Sources */,
				DA0035CD2C4AA8A500928C84 /* AspectRatio.swift in Sources */,
				DA4B6BCF2C5CD6C40060B0AB /* OpacityAnimation.swift in Sources */,
				DA1AD0D12C772824005AB822 /* DIfferentTransitionBranch.swift in Sources */,
				DA8799542C5FC77500D31A97 /* ExplicitAnimation.swift in Sources */,
				DA60731B2C54FA67008D718A /* PracticeAlignment4.swift in Sources */,
				DAD2B7582C5E8BCB00C0F84E /* PlaySound.swift in Sources */,
				DA8D42A92C52429000C955B6 /* Console.swift in Sources */,
				DA8D42B22C52844200C955B6 /* PracticeView.swift in Sources */,
				DAB46FB52C400A5C00024348 /* ShapeLeaf.swift in Sources */,
				DA6C35B82C5162A600B20E9F /* HStack_EqualView.swift in Sources */,
				DAF9060E2C54083900BA8B5A /* PracticeAlignment.swift in Sources */,
				DACF83E82C706A7D006C941C /* TransitionExample1.swift in Sources */,
				DACF83EA2C707E7E006C941C /* WithTransitionExample.swift in Sources */,
				DA0035E02C4CD37C00928C84 /* FrameWithMinWidth.swift in Sources */,
				DA8D42B02C524C1200C955B6 /* CGFloat+extension.swift in Sources */,
				DA0035E82C4D267500928C84 /* Overlay.swift in Sources */,
				DA1AD0D32C7741CB005AB822 /* ExplicitIdentifierAnimation.swift in Sources */,
				DAE6527B2C567D470056EBD2 /* PracticeCustomAlignment.swift in Sources */,
				DA29FE262C4E519800428576 /* HStack.swift in Sources */,
				DAB665E92C75C45C00AFCC21 /* isContinuous.swift in Sources */,
				DA4B6BD92C5CEC0C0060B0AB /* AnimateCornerRadius.swift in Sources */,
				DA63A5802C399A67003EBB4B /* UnderstandViewBuilder.swift in Sources */,
				DA0035D62C4C135400928C84 /* FixedFrame.swift in Sources */,
				DA0035D82C4CA53E00928C84 /* FlexibleFrame1.swift in Sources */,
				DA0035E62C4D157E00928C84 /* Background.swift in Sources */,
				DAE652772C562DC50056EBD2 /* PracticeAlignment5.swift in Sources */,
				DAB665EB2C75C88500AFCC21 /* TransactionWithBinding.swift in Sources */,
				DA63A57E2C39726A003EBB4B /* OnAppear.swift in Sources */,
				DA0035DA2C4CBAB400928C84 /* FlexibleFrame2.swift in Sources */,
				DA1AD0CF2C771B35005AB822 /* CustomTransitionDemo.swift in Sources */,
				DAB665ED2C75CD1300AFCC21 /* SetTimingCurveFunction1.swift in Sources */,
				DA34F32A2C72621600171BFA /* DisableAnimation.swift in Sources */,
				DA8799502C5FBDF200D31A97 /* AnimationWithNewModifieriOS17.swift in Sources */,
				DA1AD0D72C776D8F005AB822 /* TransactionUnderstanding.swift in Sources */,
				DA6073192C54E837008D718A /* PracticeAlignmentGuide3.swift in Sources */,
				DA63A5782C390D7D003EBB4B /* LearnViewBuilder2.swift in Sources */,
				DAB665F62C75EB1C00AFCC21 /* WhatIsTransition.swift in Sources */,
				DA9D4E902BE3878A0058E063 /* StateObject_.swift in Sources */,
				DA6C35AE2C5112EA00B20E9F /* HStackWithFlexibleFrame.swift in Sources */,
				DA4A6ADA2C612ED500AA1491 /* ShakeView.swift in Sources */,
				DA4B6BCB2C5CD1930060B0AB /* OffsetAnimation.swift in Sources */,
				DA1AD0D52C77460C005AB822 /* TransactionWithIdModifier.swift in Sources */,
				DA34F3262C7243B100171BFA /* AboutAnimatable.swift in Sources */,
				DA4B6BD52C5CE39D0060B0AB /* StrokeAnimation.swift in Sources */,
				DA8D42AD2C52488B00C955B6 /* ClearConsole.swift in Sources */,
				DA96326F2C58A648006069BB /* ReadFromEnvironment.swift in Sources */,
				DA0035D22C4BFA0A00928C84 /* Padding1.swift in Sources */,
				DA47C4F82C7C6D2B007B15D2 /* GeoReader.swift in Sources */,
				DA0035DE2C4CD23B00928C84 /* FlexibleFrameMaxWidth.swift in Sources */,
				DA34F31E2C71E69100171BFA /* WithAnimation.swift in Sources */,
				DA9632712C58AC4D006069BB /* BadgeWithEnvironment.swift in Sources */,
				DAD7588B2C5A87260033AA49 /* ContainerRelativeShaped.swift in Sources */,
				DA4B6BC92C5CCD150060B0AB /* AnimationExample.swift in Sources */,
				DA9D4E8E2BE3878A0058E063 /* LearnSwiftUIApp.swift in Sources */,
				DA9B2ECD2C3EA2B8003BDF58 /* HowLayoutWorks.swift in Sources */,
				DA63A57A2C393EDA003EBB4B /* LearnGroup.swift in Sources */,
				DAD2B7542C5E7DC500C0F84E /* RecordPlayerBox.swift in Sources */,
				DA63A5762C38F9CC003EBB4B /* LearnViewBuilder.swift in Sources */,
				DA29FE232C4E214E00428576 /* FixedSizeWithOverlayBadge.swift in Sources */,
				DA8D42AB2C5243F700C955B6 /* ConsoleView.swift in Sources */,
				DA26C5E12C5B5ED10062FAA5 /* TransitionAnimationWithFrame.swift in Sources */,
				DA31C4E82C425792009EBB36 /* BorderShape.swift in Sources */,
				DA63A5832C3C15C0003EBB4B /* WhatIsAView.swift in Sources */,
				DA9632732C58B7C2006069BB /* CustomComponentStyle.swift in Sources */,
				DA0035D42C4C099600928C84 /* Padding2.swift in Sources */,
				DA4B6BD12C5CDF9F0060B0AB /* SystemShapeScalingAnimation.swift in Sources */,
				DA34F3222C71E8CC00171BFA /* AnimatableWithSpecificDependency.swift in Sources */,
				DA0035CF2C4BF4B900928C84 /* LearnViewModifier2.swift in Sources */,
				DA6C35B22C513B7D00B20E9F /* ZStack_.swift in Sources */,
				DA63A57C2C3967FC003EBB4B /* DynamicContent.swift in Sources */,
				DA26C5E32C5B63570062FAA5 /* ImplicitAnimation.swift in Sources */,
				DA31C4F12C44F673009EBB36 /* LearnViewModifier1.swift in Sources */,
				DA26C5DF2C5B5B960062FAA5 /* FrameWidthAnimation.swift in Sources */,
				DAD2B7512C5E2CED00C0F84E /* BreathingAppView.swift in Sources */,
				DAFB7CA12C57D9FD008C311C /* ZStackAlignment.swift in Sources */,
				DA34F3282C725BDB00171BFA /* AnimatablePair.swift in Sources */,
				DA31C4EB2C4294FC009EBB36 /* WhatIsColor.swift in Sources */,
				DAB46FB32C40058300024348 /* TextLeaf+fixedSize.swift in Sources */,
				DA6C35B02C512C1600B20E9F /* ZStackBadgeView.swift in Sources */,
				DA34F3202C71E7F800171BFA /* WithAnimatableSpecficDependency.swift in Sources */,
				DA34F31C2C71E40B00171BFA /* AnimationWithoutValue.swift in Sources */,
				DA34F3242C7240BA00171BFA /* WithAnimationDependencyMustBeExplicit.swift in Sources */,
				DAD2B75B2C5E8D5300C0F84E /* RecordPlayerMainView.swift in Sources */,
				DA47C4F52C7C574A007B15D2 /* PhaseBasedAnimation.swift in Sources */,
				DA6073172C54BEEE008D718A /* PracticeAlignmentGuide2.swift in Sources */,
				DA9B2ECF2C3EBC2D003BDF58 /* TextLeaf.swift in Sources */,
				DA26C5E52C5B8B560062FAA5 /* AnimationWithBody.swift in Sources */,
				DA0035E22C4CD44000928C84 /* FlexibleFrameWithMinAndMaxWidth.swift in Sources */,
				DA0035E42C4CD81100928C84 /* FlexibleFrameExample.swift in Sources */,
				DAE6527D2C5680640056EBD2 /* PracticeCustomAlignment2.swift in Sources */,
				DA8799522C5FC02900D31A97 /* NonViewSubtreeAnimatingCheck.swift in Sources */,
			);
			runOnlyForDeploymentPostprocessing = 0;
		};
/* End PBXSourcesBuildPhase section */

/* Begin XCBuildConfiguration section */
		DA9D4E962BE3878B0058E063 /* Debug */ = {
			isa = XCBuildConfiguration;
			buildSettings = {
				ALWAYS_SEARCH_USER_PATHS = NO;
				CLANG_ANALYZER_NONNULL = YES;
				CLANG_ANALYZER_NUMBER_OBJECT_CONVERSION = YES_AGGRESSIVE;
				CLANG_CXX_LANGUAGE_STANDARD = "gnu++20";
				CLANG_ENABLE_MODULES = YES;
				CLANG_ENABLE_OBJC_ARC = YES;
				CLANG_ENABLE_OBJC_WEAK = YES;
				CLANG_WARN_BLOCK_CAPTURE_AUTORELEASING = YES;
				CLANG_WARN_BOOL_CONVERSION = YES;
				CLANG_WARN_COMMA = YES;
				CLANG_WARN_CONSTANT_CONVERSION = YES;
				CLANG_WARN_DEPRECATED_OBJC_IMPLEMENTATIONS = YES;
				CLANG_WARN_DIRECT_OBJC_ISA_USAGE = YES_ERROR;
				CLANG_WARN_DOCUMENTATION_COMMENTS = YES;
				CLANG_WARN_EMPTY_BODY = YES;
				CLANG_WARN_ENUM_CONVERSION = YES;
				CLANG_WARN_INFINITE_RECURSION = YES;
				CLANG_WARN_INT_CONVERSION = YES;
				CLANG_WARN_NON_LITERAL_NULL_CONVERSION = YES;
				CLANG_WARN_OBJC_IMPLICIT_RETAIN_SELF = YES;
				CLANG_WARN_OBJC_LITERAL_CONVERSION = YES;
				CLANG_WARN_OBJC_ROOT_CLASS = YES_ERROR;
				CLANG_WARN_QUOTED_INCLUDE_IN_FRAMEWORK_HEADER = YES;
				CLANG_WARN_RANGE_LOOP_ANALYSIS = YES;
				CLANG_WARN_STRICT_PROTOTYPES = YES;
				CLANG_WARN_SUSPICIOUS_MOVE = YES;
				CLANG_WARN_UNGUARDED_AVAILABILITY = YES_AGGRESSIVE;
				CLANG_WARN_UNREACHABLE_CODE = YES;
				CLANG_WARN__DUPLICATE_METHOD_MATCH = YES;
				COPY_PHASE_STRIP = NO;
				DEBUG_INFORMATION_FORMAT = dwarf;
				ENABLE_STRICT_OBJC_MSGSEND = YES;
				ENABLE_TESTABILITY = YES;
				GCC_C_LANGUAGE_STANDARD = gnu11;
				GCC_DYNAMIC_NO_PIC = NO;
				GCC_NO_COMMON_BLOCKS = YES;
				GCC_OPTIMIZATION_LEVEL = 0;
				GCC_PREPROCESSOR_DEFINITIONS = (
					"DEBUG=1",
					"$(inherited)",
				);
				GCC_WARN_64_TO_32_BIT_CONVERSION = YES;
				GCC_WARN_ABOUT_RETURN_TYPE = YES_ERROR;
				GCC_WARN_UNDECLARED_SELECTOR = YES;
				GCC_WARN_UNINITIALIZED_AUTOS = YES_AGGRESSIVE;
				GCC_WARN_UNUSED_FUNCTION = YES;
				GCC_WARN_UNUSED_VARIABLE = YES;
				IPHONEOS_DEPLOYMENT_TARGET = 16.4;
				MTL_ENABLE_DEBUG_INFO = INCLUDE_SOURCE;
				MTL_FAST_MATH = YES;
				ONLY_ACTIVE_ARCH = YES;
				SDKROOT = iphoneos;
				SWIFT_ACTIVE_COMPILATION_CONDITIONS = DEBUG;
				SWIFT_OPTIMIZATION_LEVEL = "-Onone";
			};
			name = Debug;
		};
		DA9D4E972BE3878B0058E063 /* Release */ = {
			isa = XCBuildConfiguration;
			buildSettings = {
				ALWAYS_SEARCH_USER_PATHS = NO;
				CLANG_ANALYZER_NONNULL = YES;
				CLANG_ANALYZER_NUMBER_OBJECT_CONVERSION = YES_AGGRESSIVE;
				CLANG_CXX_LANGUAGE_STANDARD = "gnu++20";
				CLANG_ENABLE_MODULES = YES;
				CLANG_ENABLE_OBJC_ARC = YES;
				CLANG_ENABLE_OBJC_WEAK = YES;
				CLANG_WARN_BLOCK_CAPTURE_AUTORELEASING = YES;
				CLANG_WARN_BOOL_CONVERSION = YES;
				CLANG_WARN_COMMA = YES;
				CLANG_WARN_CONSTANT_CONVERSION = YES;
				CLANG_WARN_DEPRECATED_OBJC_IMPLEMENTATIONS = YES;
				CLANG_WARN_DIRECT_OBJC_ISA_USAGE = YES_ERROR;
				CLANG_WARN_DOCUMENTATION_COMMENTS = YES;
				CLANG_WARN_EMPTY_BODY = YES;
				CLANG_WARN_ENUM_CONVERSION = YES;
				CLANG_WARN_INFINITE_RECURSION = YES;
				CLANG_WARN_INT_CONVERSION = YES;
				CLANG_WARN_NON_LITERAL_NULL_CONVERSION = YES;
				CLANG_WARN_OBJC_IMPLICIT_RETAIN_SELF = YES;
				CLANG_WARN_OBJC_LITERAL_CONVERSION = YES;
				CLANG_WARN_OBJC_ROOT_CLASS = YES_ERROR;
				CLANG_WARN_QUOTED_INCLUDE_IN_FRAMEWORK_HEADER = YES;
				CLANG_WARN_RANGE_LOOP_ANALYSIS = YES;
				CLANG_WARN_STRICT_PROTOTYPES = YES;
				CLANG_WARN_SUSPICIOUS_MOVE = YES;
				CLANG_WARN_UNGUARDED_AVAILABILITY = YES_AGGRESSIVE;
				CLANG_WARN_UNREACHABLE_CODE = YES;
				CLANG_WARN__DUPLICATE_METHOD_MATCH = YES;
				COPY_PHASE_STRIP = NO;
				DEBUG_INFORMATION_FORMAT = "dwarf-with-dsym";
				ENABLE_NS_ASSERTIONS = NO;
				ENABLE_STRICT_OBJC_MSGSEND = YES;
				GCC_C_LANGUAGE_STANDARD = gnu11;
				GCC_NO_COMMON_BLOCKS = YES;
				GCC_WARN_64_TO_32_BIT_CONVERSION = YES;
				GCC_WARN_ABOUT_RETURN_TYPE = YES_ERROR;
				GCC_WARN_UNDECLARED_SELECTOR = YES;
				GCC_WARN_UNINITIALIZED_AUTOS = YES_AGGRESSIVE;
				GCC_WARN_UNUSED_FUNCTION = YES;
				GCC_WARN_UNUSED_VARIABLE = YES;
				IPHONEOS_DEPLOYMENT_TARGET = 16.4;
				MTL_ENABLE_DEBUG_INFO = NO;
				MTL_FAST_MATH = YES;
				SDKROOT = iphoneos;
				SWIFT_COMPILATION_MODE = wholemodule;
				SWIFT_OPTIMIZATION_LEVEL = "-O";
				VALIDATE_PRODUCT = YES;
			};
			name = Release;
		};
		DA9D4E992BE3878B0058E063 /* Debug */ = {
			isa = XCBuildConfiguration;
			buildSettings = {
				ASSETCATALOG_COMPILER_APPICON_NAME = AppIcon;
				ASSETCATALOG_COMPILER_GLOBAL_ACCENT_COLOR_NAME = AccentColor;
				CODE_SIGN_STYLE = Automatic;
				CURRENT_PROJECT_VERSION = 1;
				DEVELOPMENT_ASSET_PATHS = "\"LearnSwiftUI/Preview Content\"";
				DEVELOPMENT_TEAM = 7BQ7XA9X92;
				ENABLE_PREVIEWS = YES;
				GENERATE_INFOPLIST_FILE = YES;
				INFOPLIST_KEY_UIApplicationSceneManifest_Generation = YES;
				INFOPLIST_KEY_UIApplicationSupportsIndirectInputEvents = YES;
				INFOPLIST_KEY_UILaunchScreen_Generation = YES;
				INFOPLIST_KEY_UISupportedInterfaceOrientations_iPad = "UIInterfaceOrientationPortrait UIInterfaceOrientationPortraitUpsideDown UIInterfaceOrientationLandscapeLeft UIInterfaceOrientationLandscapeRight";
				INFOPLIST_KEY_UISupportedInterfaceOrientations_iPhone = "UIInterfaceOrientationPortrait UIInterfaceOrientationLandscapeLeft UIInterfaceOrientationLandscapeRight";
				LD_RUNPATH_SEARCH_PATHS = (
					"$(inherited)",
					"@executable_path/Frameworks",
				);
				MARKETING_VERSION = 1.0;
				PRODUCT_BUNDLE_IDENTIFIER = com.example.karthikkmanoj.LearnSwiftUI;
				PRODUCT_NAME = "$(TARGET_NAME)";
				SWIFT_EMIT_LOC_STRINGS = YES;
				SWIFT_VERSION = 5.0;
				TARGETED_DEVICE_FAMILY = "1,2";
			};
			name = Debug;
		};
		DA9D4E9A2BE3878B0058E063 /* Release */ = {
			isa = XCBuildConfiguration;
			buildSettings = {
				ASSETCATALOG_COMPILER_APPICON_NAME = AppIcon;
				ASSETCATALOG_COMPILER_GLOBAL_ACCENT_COLOR_NAME = AccentColor;
				CODE_SIGN_STYLE = Automatic;
				CURRENT_PROJECT_VERSION = 1;
				DEVELOPMENT_ASSET_PATHS = "\"LearnSwiftUI/Preview Content\"";
				DEVELOPMENT_TEAM = 7BQ7XA9X92;
				ENABLE_PREVIEWS = YES;
				GENERATE_INFOPLIST_FILE = YES;
				INFOPLIST_KEY_UIApplicationSceneManifest_Generation = YES;
				INFOPLIST_KEY_UIApplicationSupportsIndirectInputEvents = YES;
				INFOPLIST_KEY_UILaunchScreen_Generation = YES;
				INFOPLIST_KEY_UISupportedInterfaceOrientations_iPad = "UIInterfaceOrientationPortrait UIInterfaceOrientationPortraitUpsideDown UIInterfaceOrientationLandscapeLeft UIInterfaceOrientationLandscapeRight";
				INFOPLIST_KEY_UISupportedInterfaceOrientations_iPhone = "UIInterfaceOrientationPortrait UIInterfaceOrientationLandscapeLeft UIInterfaceOrientationLandscapeRight";
				LD_RUNPATH_SEARCH_PATHS = (
					"$(inherited)",
					"@executable_path/Frameworks",
				);
				MARKETING_VERSION = 1.0;
				PRODUCT_BUNDLE_IDENTIFIER = com.example.karthikkmanoj.LearnSwiftUI;
				PRODUCT_NAME = "$(TARGET_NAME)";
				SWIFT_EMIT_LOC_STRINGS = YES;
				SWIFT_VERSION = 5.0;
				TARGETED_DEVICE_FAMILY = "1,2";
			};
			name = Release;
		};
/* End XCBuildConfiguration section */

/* Begin XCConfigurationList section */
		DA9D4E852BE3878A0058E063 /* Build configuration list for PBXProject "LearnSwiftUI" */ = {
			isa = XCConfigurationList;
			buildConfigurations = (
				DA9D4E962BE3878B0058E063 /* Debug */,
				DA9D4E972BE3878B0058E063 /* Release */,
			);
			defaultConfigurationIsVisible = 0;
			defaultConfigurationName = Release;
		};
		DA9D4E982BE3878B0058E063 /* Build configuration list for PBXNativeTarget "LearnSwiftUI" */ = {
			isa = XCConfigurationList;
			buildConfigurations = (
				DA9D4E992BE3878B0058E063 /* Debug */,
				DA9D4E9A2BE3878B0058E063 /* Release */,
			);
			defaultConfigurationIsVisible = 0;
			defaultConfigurationName = Release;
		};
/* End XCConfigurationList section */
	};
	rootObject = DA9D4E822BE3878A0058E063 /* Project object */;
}
